// !$*UTF8*$!
{
	archiveVersion = 1;
	classes = {
	};
	objectVersion = 56;
	objects = {

/* Begin PBXBuildFile section */
		A10000000000000000000010 /* EaseApp.swift in Sources */ = {isa = PBXBuildFile; fileRef = A10000000000000000000040 /* EaseApp.swift */; };
		A10000000000000000000011 /* DietStatus.swift in Sources */ = {isa = PBXBuildFile; fileRef = A10000000000000000000041 /* DietStatus.swift */; };
		A10000000000000000000012 /* VariableTag.swift in Sources */ = {isa = PBXBuildFile; fileRef = A10000000000000000000042 /* VariableTag.swift */; };
		A10000000000000000000013 /* DailyRecord.swift in Sources */ = {isa = PBXBuildFile; fileRef = A10000000000000000000043 /* DailyRecord.swift */; };
		A10000000000000000000014 /* UserProfile.swift in Sources */ = {isa = PBXBuildFile; fileRef = A10000000000000000000044 /* UserProfile.swift */; };
		A10000000000000000000015 /* PersistenceTypes.swift in Sources */ = {isa = PBXBuildFile; fileRef = A10000000000000000000045 /* PersistenceTypes.swift */; };
		A10000000000000000000016 /* CalendarDay.swift in Sources */ = {isa = PBXBuildFile; fileRef = A10000000000000000000046 /* CalendarDay.swift */; };
		A10000000000000000000017 /* MeasurementBounds.swift in Sources */ = {isa = PBXBuildFile; fileRef = A10000000000000000000047 /* MeasurementBounds.swift */; };
		A10000000000000000000018 /* WeightMetrics.swift in Sources */ = {isa = PBXBuildFile; fileRef = A10000000000000000000048 /* WeightMetrics.swift */; };
		A10000000000000000000019 /* DailyRecordRepository.swift in Sources */ = {isa = PBXBuildFile; fileRef = A10000000000000000000049 /* DailyRecordRepository.swift */; };
		A1000000000000000000001A /* UserProfileRepository.swift in Sources */ = {isa = PBXBuildFile; fileRef = A1000000000000000000004A /* UserProfileRepository.swift */; };
		A1000000000000000000001B /* EaseModelContainer.swift in Sources */ = {isa = PBXBuildFile; fileRef = A1000000000000000000004B /* EaseModelContainer.swift */; };
		A1000000000000000000001C /* CSVExporter.swift in Sources */ = {isa = PBXBuildFile; fileRef = A1000000000000000000004C /* CSVExporter.swift */; };
		A1000000000000000000001D /* Assets.xcassets in Resources */ = {isa = PBXBuildFile; fileRef = A1000000000000000000004D /* Assets.xcassets */; };
		A1000000000000000000001E /* Preview Assets.xcassets in Resources */ = {isa = PBXBuildFile; fileRef = A1000000000000000000004E /* Preview Assets.xcassets */; };
		A1000000000000000000001F /* RootView.swift in Sources */ = {isa = PBXBuildFile; fileRef = A10000000000000000000080 /* RootView.swift */; };
		A10000000000000000000021 /* OnboardingView.swift in Sources */ = {isa = PBXBuildFile; fileRef = A10000000000000000000081 /* OnboardingView.swift */; };
		A10000000000000000000022 /* DashboardView.swift in Sources */ = {isa = PBXBuildFile; fileRef = A10000000000000000000082 /* DashboardView.swift */; };
		A10000000000000000000023 /* EaseCard.swift in Sources */ = {isa = PBXBuildFile; fileRef = A10000000000000000000083 /* EaseCard.swift */; };
		A10000000000000000000024 /* Localizable.xcstrings in Resources */ = {isa = PBXBuildFile; fileRef = A10000000000000000000084 /* Localizable.xcstrings */; };
		A10000000000000000000025 /* EasePalette.swift in Sources */ = {isa = PBXBuildFile; fileRef = A10000000000000000000086 /* EasePalette.swift */; };
		A10000000000000000000026 /* EaseFormatters.swift in Sources */ = {isa = PBXBuildFile; fileRef = A10000000000000000000087 /* EaseFormatters.swift */; };
		A10000000000000000000027 /* EasePrimaryButton.swift in Sources */ = {isa = PBXBuildFile; fileRef = A10000000000000000000088 /* EasePrimaryButton.swift */; };
		A10000000000000000000028 /* ProgressRingView.swift in Sources */ = {isa = PBXBuildFile; fileRef = A10000000000000000000089 /* ProgressRingView.swift */; };
		A10000000000000000000029 /* PermissionsService.swift in Sources */ = {isa = PBXBuildFile; fileRef = A1000000000000000000008A /* PermissionsService.swift */; };
		A1000000000000000000002A /* OnboardingViewModel.swift in Sources */ = {isa = PBXBuildFile; fileRef = A1000000000000000000008B /* OnboardingViewModel.swift */; };
		A1000000000000000000002B /* OnboardingPhilosophyStep.swift in Sources */ = {isa = PBXBuildFile; fileRef = A1000000000000000000008C /* OnboardingPhilosophyStep.swift */; };
		A1000000000000000000002C /* OnboardingMeasurementsStep.swift in Sources */ = {isa = PBXBuildFile; fileRef = A1000000000000000000008D /* OnboardingMeasurementsStep.swift */; };
		A1000000000000000000002D /* OnboardingPermissionsStep.swift in Sources */ = {isa = PBXBuildFile; fileRef = A1000000000000000000008E /* OnboardingPermissionsStep.swift */; };
		A1000000000000000000002E /* DashboardViewModel.swift in Sources */ = {isa = PBXBuildFile; fileRef = A1000000000000000000008F /* DashboardViewModel.swift */; };
		A1000000000000000000002F /* TodayStripView.swift in Sources */ = {isa = PBXBuildFile; fileRef = A10000000000000000000090 /* TodayStripView.swift */; };
		A10000000000000000000031 /* WeightSummaryCard.swift in Sources */ = {isa = PBXBuildFile; fileRef = A10000000000000000000091 /* WeightSummaryCard.swift */; };
		A10000000000000000000032 /* TrendChartCard.swift in Sources */ = {isa = PBXBuildFile; fileRef = A10000000000000000000092 /* TrendChartCard.swift */; };
		A10000000000000000000033 /* SettingsSheet.swift in Sources */ = {isa = PBXBuildFile; fileRef = A10000000000000000000093 /* SettingsSheet.swift */; };
		A10000000000000000000034 /* LogSheetView.swift in Sources */ = {isa = PBXBuildFile; fileRef = A10000000000000000000094 /* LogSheetView.swift */; };
		A10000000000000000000035 /* InfoPlist.xcstrings in Resources */ = {isa = PBXBuildFile; fileRef = A10000000000000000000097 /* InfoPlist.xcstrings */; };
		A10000000000000000000036 /* HealthKitReader.swift in Sources */ = {isa = PBXBuildFile; fileRef = A10000000000000000000098 /* HealthKitReader.swift */; };
		A10000000000000000000037 /* NotificationScheduler.swift in Sources */ = {isa = PBXBuildFile; fileRef = A10000000000000000000099 /* NotificationScheduler.swift */; };
		A10000000000000000000038 /* ScaleOCR.swift in Sources */ = {isa = PBXBuildFile; fileRef = A1000000000000000000009A /* ScaleOCR.swift */; };
/* End PBXBuildFile section */

/* Begin PBXFileReference section */
		A10000000000000000000020 /* Ease.app */ = {isa = PBXFileReference; explicitFileType = wrapper.application; includeInIndex = 0; path = Ease.app; sourceTree = BUILT_PRODUCTS_DIR; };
		A10000000000000000000040 /* EaseApp.swift */ = {isa = PBXFileReference; lastKnownFileType = sourcecode.swift; path = EaseApp.swift; sourceTree = "<group>"; };
		A10000000000000000000041 /* DietStatus.swift */ = {isa = PBXFileReference; lastKnownFileType = sourcecode.swift; path = DietStatus.swift; sourceTree = "<group>"; };
		A10000000000000000000042 /* VariableTag.swift */ = {isa = PBXFileReference; lastKnownFileType = sourcecode.swift; path = VariableTag.swift; sourceTree = "<group>"; };
		A10000000000000000000043 /* DailyRecord.swift */ = {isa = PBXFileReference; lastKnownFileType = sourcecode.swift; path = DailyRecord.swift; sourceTree = "<group>"; };
		A10000000000000000000044 /* UserProfile.swift */ = {isa = PBXFileReference; lastKnownFileType = sourcecode.swift; path = UserProfile.swift; sourceTree = "<group>"; };
		A10000000000000000000045 /* PersistenceTypes.swift */ = {isa = PBXFileReference; lastKnownFileType = sourcecode.swift; path = PersistenceTypes.swift; sourceTree = "<group>"; };
		A10000000000000000000046 /* CalendarDay.swift */ = {isa = PBXFileReference; lastKnownFileType = sourcecode.swift; path = CalendarDay.swift; sourceTree = "<group>"; };
		A10000000000000000000047 /* MeasurementBounds.swift */ = {isa = PBXFileReference; lastKnownFileType = sourcecode.swift; path = MeasurementBounds.swift; sourceTree = "<group>"; };
		A10000000000000000000048 /* WeightMetrics.swift */ = {isa = PBXFileReference; lastKnownFileType = sourcecode.swift; path = WeightMetrics.swift; sourceTree = "<group>"; };
		A10000000000000000000049 /* DailyRecordRepository.swift */ = {isa = PBXFileReference; lastKnownFileType = sourcecode.swift; path = DailyRecordRepository.swift; sourceTree = "<group>"; };
		A1000000000000000000004A /* UserProfileRepository.swift */ = {isa = PBXFileReference; lastKnownFileType = sourcecode.swift; path = UserProfileRepository.swift; sourceTree = "<group>"; };
		A1000000000000000000004B /* EaseModelContainer.swift */ = {isa = PBXFileReference; lastKnownFileType = sourcecode.swift; path = EaseModelContainer.swift; sourceTree = "<group>"; };
		A1000000000000000000004C /* CSVExporter.swift */ = {isa = PBXFileReference; lastKnownFileType = sourcecode.swift; path = CSVExporter.swift; sourceTree = "<group>"; };
		A1000000000000000000004D /* Assets.xcassets */ = {isa = PBXFileReference; lastKnownFileType = folder.assetcatalog; path = Assets.xcassets; sourceTree = "<group>"; };
		A1000000000000000000004E /* Preview Assets.xcassets */ = {isa = PBXFileReference; lastKnownFileType = folder.assetcatalog; path = "Preview Assets.xcassets"; sourceTree = "<group>"; };
		A1000000000000000000004F /* Ease.entitlements */ = {isa = PBXFileReference; lastKnownFileType = text.plist.entitlements; path = Ease.entitlements; sourceTree = "<group>"; };
		A10000000000000000000080 /* RootView.swift */ = {isa = PBXFileReference; lastKnownFileType = sourcecode.swift; path = RootView.swift; sourceTree = "<group>"; };
		A10000000000000000000081 /* OnboardingView.swift */ = {isa = PBXFileReference; lastKnownFileType = sourcecode.swift; path = OnboardingView.swift; sourceTree = "<group>"; };
		A10000000000000000000082 /* DashboardView.swift */ = {isa = PBXFileReference; lastKnownFileType = sourcecode.swift; path = DashboardView.swift; sourceTree = "<group>"; };
		A10000000000000000000083 /* EaseCard.swift */ = {isa = PBXFileReference; lastKnownFileType = sourcecode.swift; path = EaseCard.swift; sourceTree = "<group>"; };
		A10000000000000000000084 /* Localizable.xcstrings */ = {isa = PBXFileReference; lastKnownFileType = text.json.xcstrings; path = Localizable.xcstrings; sourceTree = "<group>"; };
		A10000000000000000000086 /* EasePalette.swift */ = {isa = PBXFileReference; lastKnownFileType = sourcecode.swift; path = EasePalette.swift; sourceTree = "<group>"; };
		A10000000000000000000087 /* EaseFormatters.swift */ = {isa = PBXFileReference; lastKnownFileType = sourcecode.swift; path = EaseFormatters.swift; sourceTree = "<group>"; };
		A10000000000000000000088 /* EasePrimaryButton.swift */ = {isa = PBXFileReference; lastKnownFileType = sourcecode.swift; path = EasePrimaryButton.swift; sourceTree = "<group>"; };
		A10000000000000000000089 /* ProgressRingView.swift */ = {isa = PBXFileReference; lastKnownFileType = sourcecode.swift; path = ProgressRingView.swift; sourceTree = "<group>"; };
		A1000000000000000000008A /* PermissionsService.swift */ = {isa = PBXFileReference; lastKnownFileType = sourcecode.swift; path = PermissionsService.swift; sourceTree = "<group>"; };
		A1000000000000000000008B /* OnboardingViewModel.swift */ = {isa = PBXFileReference; lastKnownFileType = sourcecode.swift; path = OnboardingViewModel.swift; sourceTree = "<group>"; };
		A1000000000000000000008C /* OnboardingPhilosophyStep.swift */ = {isa = PBXFileReference; lastKnownFileType = sourcecode.swift; path = OnboardingPhilosophyStep.swift; sourceTree = "<group>"; };
		A1000000000000000000008D /* OnboardingMeasurementsStep.swift */ = {isa = PBXFileReference; lastKnownFileType = sourcecode.swift; path = OnboardingMeasurementsStep.swift; sourceTree = "<group>"; };
		A1000000000000000000008E /* OnboardingPermissionsStep.swift */ = {isa = PBXFileReference; lastKnownFileType = sourcecode.swift; path = OnboardingPermissionsStep.swift; sourceTree = "<group>"; };
		A1000000000000000000008F /* DashboardViewModel.swift */ = {isa = PBXFileReference; lastKnownFileType = sourcecode.swift; path = DashboardViewModel.swift; sourceTree = "<group>"; };
		A10000000000000000000090 /* TodayStripView.swift */ = {isa = PBXFileReference; lastKnownFileType = sourcecode.swift; path = TodayStripView.swift; sourceTree = "<group>"; };
		A10000000000000000000091 /* WeightSummaryCard.swift */ = {isa = PBXFileReference; lastKnownFileType = sourcecode.swift; path = WeightSummaryCard.swift; sourceTree = "<group>"; };
		A10000000000000000000092 /* TrendChartCard.swift */ = {isa = PBXFileReference; lastKnownFileType = sourcecode.swift; path = TrendChartCard.swift; sourceTree = "<group>"; };
		A10000000000000000000093 /* SettingsSheet.swift */ = {isa = PBXFileReference; lastKnownFileType = sourcecode.swift; path = SettingsSheet.swift; sourceTree = "<group>"; };
		A10000000000000000000094 /* LogSheetView.swift */ = {isa = PBXFileReference; lastKnownFileType = sourcecode.swift; path = LogSheetView.swift; sourceTree = "<group>"; };
		A10000000000000000000097 /* InfoPlist.xcstrings */ = {isa = PBXFileReference; lastKnownFileType = text.json.xcstrings; path = InfoPlist.xcstrings; sourceTree = "<group>"; };
		A10000000000000000000098 /* HealthKitReader.swift */ = {isa = PBXFileReference; lastKnownFileType = sourcecode.swift; path = HealthKitReader.swift; sourceTree = "<group>"; };
		A10000000000000000000099 /* NotificationScheduler.swift */ = {isa = PBXFileReference; lastKnownFileType = sourcecode.swift; path = NotificationScheduler.swift; sourceTree = "<group>"; };
		A1000000000000000000009A /* ScaleOCR.swift */ = {isa = PBXFileReference; lastKnownFileType = sourcecode.swift; path = ScaleOCR.swift; sourceTree = "<group>"; };
/* End PBXFileReference section */

/* Begin PBXFrameworksBuildPhase section */
		A10000000000000000000030 /* Frameworks */ = {
			isa = PBXFrameworksBuildPhase;
			buildActionMask = 2147483647;
			files = (
			);
			runOnlyForDeploymentPostprocessing = 0;
		};
/* End PBXFrameworksBuildPhase section */

/* Begin PBXGroup section */
		A10000000000000000000050 = {
			isa = PBXGroup;
			children = (
				A10000000000000000000051 /* Ease */,
				A10000000000000000000052 /* Products */,
			);
			sourceTree = "<group>";
		};
		A10000000000000000000051 /* Ease */ = {
			isa = PBXGroup;
			children = (
				A10000000000000000000040 /* EaseApp.swift */,
				A10000000000000000000053 /* Models */,
				A10000000000000000000054 /* Data */,
				A10000000000000000000057 /* Views */,
				A1000000000000000000004D /* Assets.xcassets */,
				A10000000000000000000084 /* Localizable.xcstrings */,
				A10000000000000000000097 /* InfoPlist.xcstrings */,
				A1000000000000000000004F /* Ease.entitlements */,
				A10000000000000000000055 /* Preview Content */,
			);
			path = Ease;
			sourceTree = "<group>";
		};
		A10000000000000000000052 /* Products */ = {
			isa = PBXGroup;
			children = (
				A10000000000000000000020 /* Ease.app */,
			);
			name = Products;
			sourceTree = "<group>";
		};
		A10000000000000000000053 /* Models */ = {
			isa = PBXGroup;
			children = (
				A10000000000000000000041 /* DietStatus.swift */,
				A10000000000000000000042 /* VariableTag.swift */,
				A10000000000000000000043 /* DailyRecord.swift */,
				A10000000000000000000044 /* UserProfile.swift */,
			);
			path = Models;
			sourceTree = "<group>";
		};
		A10000000000000000000054 /* Data */ = {
			isa = PBXGroup;
			children = (
				A10000000000000000000045 /* PersistenceTypes.swift */,
				A10000000000000000000046 /* CalendarDay.swift */,
				A10000000000000000000047 /* MeasurementBounds.swift */,
				A10000000000000000000048 /* WeightMetrics.swift */,
				A10000000000000000000049 /* DailyRecordRepository.swift */,
				A1000000000000000000004A /* UserProfileRepository.swift */,
				A1000000000000000000004B /* EaseModelContainer.swift */,
				A1000000000000000000004C /* CSVExporter.swift */,
				A1000000000000000000008A /* PermissionsService.swift */,
				A10000000000000000000098 /* HealthKitReader.swift */,
				A10000000000000000000099 /* NotificationScheduler.swift */,
				A1000000000000000000009A /* ScaleOCR.swift */,
			);
			path = Data;
			sourceTree = "<group>";
		};
		A10000000000000000000055 /* Preview Content */ = {
			isa = PBXGroup;
			children = (
				A1000000000000000000004E /* Preview Assets.xcassets */,
			);
			path = "Preview Content";
			sourceTree = "<group>";
		};
		A10000000000000000000057 /* Views */ = {
			isa = PBXGroup;
			children = (
				A10000000000000000000080 /* RootView.swift */,
				A10000000000000000000095 /* Onboarding */,
				A10000000000000000000096 /* Dashboard */,
				A10000000000000000000085 /* Components */,
			);
			path = Views;
			sourceTree = "<group>";
		};
		A10000000000000000000085 /* Components */ = {
			isa = PBXGroup;
			children = (
				A10000000000000000000083 /* EaseCard.swift */,
				A10000000000000000000086 /* EasePalette.swift */,
				A10000000000000000000087 /* EaseFormatters.swift */,
				A10000000000000000000088 /* EasePrimaryButton.swift */,
				A10000000000000000000089 /* ProgressRingView.swift */,
			);
			path = Components;
			sourceTree = "<group>";
		};
		A10000000000000000000095 /* Onboarding */ = {
			isa = PBXGroup;
			children = (
				A10000000000000000000081 /* OnboardingView.swift */,
				A1000000000000000000008B /* OnboardingViewModel.swift */,
				A1000000000000000000008C /* OnboardingPhilosophyStep.swift */,
				A1000000000000000000008D /* OnboardingMeasurementsStep.swift */,
				A1000000000000000000008E /* OnboardingPermissionsStep.swift */,
			);
			path = Onboarding;
			sourceTree = "<group>";
		};
		A10000000000000000000096 /* Dashboard */ = {
			isa = PBXGroup;
			children = (
				A10000000000000000000082 /* DashboardView.swift */,
				A1000000000000000000008F /* DashboardViewModel.swift */,
				A10000000000000000000090 /* TodayStripView.swift */,
				A10000000000000000000091 /* WeightSummaryCard.swift */,
				A10000000000000000000092 /* TrendChartCard.swift */,
				A10000000000000000000093 /* SettingsSheet.swift */,
				A10000000000000000000094 /* LogSheetView.swift */,
			);
			path = Dashboard;
			sourceTree = "<group>";
		};
/* End PBXGroup section */

/* Begin PBXNativeTarget section */
		A10000000000000000000060 /* Ease */ = {
			isa = PBXNativeTarget;
			buildConfigurationList = A10000000000000000000073 /* Build configuration list for PBXNativeTarget "Ease" */;
			buildPhases = (
				A10000000000000000000061 /* Sources */,
				A10000000000000000000030 /* Frameworks */,
				A10000000000000000000062 /* Resources */,
			);
			buildRules = (
			);
			dependencies = (
			);
			name = Ease;
			productName = Ease;
			productReference = A10000000000000000000020 /* Ease.app */;
			productType = "com.apple.product-type.application";
		};
/* End PBXNativeTarget section */

/* Begin PBXProject section */
		A10000000000000000000001 /* Project object */ = {
			isa = PBXProject;
			attributes = {
				BuildIndependentTargetsInParallel = 1;
				LastSwiftUpdateCheck = 1600;
				LastUpgradeCheck = 1600;
				TargetAttributes = {
					A10000000000000000000060 = {
						CreatedOnToolsVersion = 16.0;
					};
				};
			};
			buildConfigurationList = A10000000000000000000070 /* Build configuration list for PBXProject "Ease" */;
			compatibilityVersion = "Xcode 15.0";
			developmentRegion = en;
			hasScannedForEncodings = 0;
			knownRegions = (
				en,
				Base,
				"zh-Hans",
			);
			mainGroup = A10000000000000000000050;
			productRefGroup = A10000000000000000000052 /* Products */;
			projectDirPath = "";
			projectRoot = "";
			targets = (
				A10000000000000000000060 /* Ease */,
			);
		};
/* End PBXProject section */

/* Begin PBXResourcesBuildPhase section */
		A10000000000000000000062 /* Resources */ = {
			isa = PBXResourcesBuildPhase;
			buildActionMask = 2147483647;
			files = (
				A1000000000000000000001E /* Preview Assets.xcassets in Resources */,
				A1000000000000000000001D /* Assets.xcassets in Resources */,
				A10000000000000000000024 /* Localizable.xcstrings in Resources */,
				A10000000000000000000035 /* InfoPlist.xcstrings in Resources */,
			);
			runOnlyForDeploymentPostprocessing = 0;
		};
/* End PBXResourcesBuildPhase section */

/* Begin PBXSourcesBuildPhase section */
		A10000000000000000000061 /* Sources */ = {
			isa = PBXSourcesBuildPhase;
			buildActionMask = 2147483647;
			files = (
				A10000000000000000000010 /* EaseApp.swift in Sources */,
				A10000000000000000000011 /* DietStatus.swift in Sources */,
				A10000000000000000000012 /* VariableTag.swift in Sources */,
				A10000000000000000000013 /* DailyRecord.swift in Sources */,
				A10000000000000000000014 /* UserProfile.swift in Sources */,
				A10000000000000000000015 /* PersistenceTypes.swift in Sources */,
				A10000000000000000000016 /* CalendarDay.swift in Sources */,
				A10000000000000000000017 /* MeasurementBounds.swift in Sources */,
				A10000000000000000000018 /* WeightMetrics.swift in Sources */,
				A10000000000000000000019 /* DailyRecordRepository.swift in Sources */,
				A1000000000000000000001A /* UserProfileRepository.swift in Sources */,
				A1000000000000000000001B /* EaseModelContainer.swift in Sources */,
				A1000000000000000000001C /* CSVExporter.swift in Sources */,
				A1000000000000000000001F /* RootView.swift in Sources */,
				A10000000000000000000021 /* OnboardingView.swift in Sources */,
				A10000000000000000000022 /* DashboardView.swift in Sources */,
				A10000000000000000000023 /* EaseCard.swift in Sources */,
				A10000000000000000000025 /* EasePalette.swift in Sources */,
				A10000000000000000000026 /* EaseFormatters.swift in Sources */,
				A10000000000000000000027 /* EasePrimaryButton.swift in Sources */,
				A10000000000000000000028 /* ProgressRingView.swift in Sources */,
				A10000000000000000000029 /* PermissionsService.swift in Sources */,
				A1000000000000000000002A /* OnboardingViewModel.swift in Sources */,
				A1000000000000000000002B /* OnboardingPhilosophyStep.swift in Sources */,
				A1000000000000000000002C /* OnboardingMeasurementsStep.swift in Sources */,
				A1000000000000000000002D /* OnboardingPermissionsStep.swift in Sources */,
				A1000000000000000000002E /* DashboardViewModel.swift in Sources */,
				A1000000000000000000002F /* TodayStripView.swift in Sources */,
				A10000000000000000000031 /* WeightSummaryCard.swift in Sources */,
				A10000000000000000000032 /* TrendChartCard.swift in Sources */,
				A10000000000000000000033 /* SettingsSheet.swift in Sources */,
				A10000000000000000000034 /* LogSheetView.swift in Sources */,
				A10000000000000000000036 /* HealthKitReader.swift in Sources */,
				A10000000000000000000037 /* NotificationScheduler.swift in Sources */,
				A10000000000000000000038 /* ScaleOCR.swift in Sources */,
			);
			runOnlyForDeploymentPostprocessing = 0;
		};
/* End PBXSourcesBuildPhase section */

/* Begin XCBuildConfiguration section */
		A10000000000000000000071 /* Debug */ = {
			isa = XCBuildConfiguration;
			buildSettings = {
				ALWAYS_SEARCH_USER_PATHS = NO;
				ASSETCATALOG_COMPILER_GENERATE_SWIFT_ASSET_SYMBOL_EXTENSIONS = YES;
				CLANG_ENABLE_MODULES = YES;
				CLANG_ENABLE_OBJC_ARC = YES;
				COPY_PHASE_STRIP = NO;
				DEBUG_INFORMATION_FORMAT = dwarf;
				ENABLE_STRICT_OBJC_MSGSEND = YES;
				ENABLE_TESTABILITY = YES;
				ENABLE_USER_SCRIPT_SANDBOXING = YES;
				GCC_DYNAMIC_NO_PIC = NO;
				GCC_OPTIMIZATION_LEVEL = 0;
				IPHONEOS_DEPLOYMENT_TARGET = 18.0;
				MTL_ENABLE_DEBUG_INFO = INCLUDE_SOURCE;
				ONLY_ACTIVE_ARCH = YES;
				SDKROOT = iphoneos;
				SWIFT_ACTIVE_COMPILATION_CONDITIONS = "DEBUG $(inherited)";
				SWIFT_OPTIMIZATION_LEVEL = "-Onone";
				SWIFT_VERSION = 5.10;
			};
			name = Debug;
		};
		A10000000000000000000072 /* Release */ = {
			isa = XCBuildConfiguration;
			buildSettings = {
				ALWAYS_SEARCH_USER_PATHS = NO;
				ASSETCATALOG_COMPILER_GENERATE_SWIFT_ASSET_SYMBOL_EXTENSIONS = YES;
				CLANG_ENABLE_MODULES = YES;
				CLANG_ENABLE_OBJC_ARC = YES;
				COPY_PHASE_STRIP = NO;
				DEBUG_INFORMATION_FORMAT = "dwarf-with-dsym";
				ENABLE_NS_ASSERTIONS = NO;
				ENABLE_STRICT_OBJC_MSGSEND = YES;
				ENABLE_USER_SCRIPT_SANDBOXING = YES;
				IPHONEOS_DEPLOYMENT_TARGET = 18.0;
				MTL_ENABLE_DEBUG_INFO = NO;
				SDKROOT = iphoneos;
				SWIFT_COMPILATION_MODE = wholemodule;
				SWIFT_VERSION = 5.10;
				VALIDATE_PRODUCT = YES;
			};
			name = Release;
		};
		A10000000000000000000074 /* Debug */ = {
			isa = XCBuildConfiguration;
			buildSettings = {
				ASSETCATALOG_COMPILER_APPICON_NAME = AppIcon;
				ASSETCATALOG_COMPILER_GLOBAL_ACCENT_COLOR_NAME = AccentColor;
				CODE_SIGN_ENTITLEMENTS = Ease/Ease.entitlements;
				CODE_SIGN_STYLE = Automatic;
				CURRENT_PROJECT_VERSION = 1;
				DEVELOPMENT_ASSET_PATHS = "\"Ease/Preview Content\"";
				ENABLE_PREVIEWS = YES;
				GENERATE_INFOPLIST_FILE = YES;
				INFOPLIST_KEY_CFBundleDisplayName = Ease;
				INFOPLIST_KEY_LSApplicationCategoryType = "public.app-category.healthcare-fitness";
				INFOPLIST_KEY_NSHealthShareUsageDescription = "Ease reads activity, sleep, and menstrual data to display beside your weight trend.";
				INFOPLIST_KEY_NSPhotoLibraryUsageDescription = "Ease reads a scale photo to prefill weight and body fat.";
				INFOPLIST_KEY_UIApplicationSceneManifest_Generation = YES;
				INFOPLIST_KEY_UIApplicationSupportsIndirectInputEvents = YES;
				INFOPLIST_KEY_UILaunchScreen_Generation = YES;
				INFOPLIST_KEY_UISupportedInterfaceOrientations = UIInterfaceOrientationPortrait;
				INFOPLIST_KEY_UISupportedInterfaceOrientations_iPad = UIInterfaceOrientationPortrait;
				INFOPLIST_KEY_UIUserInterfaceStyle = Light;
				IPHONEOS_DEPLOYMENT_TARGET = 18.0;
				LD_RUNPATH_SEARCH_PATHS = (
					"$(inherited)",
					"@executable_path/Frameworks",
				);
				MARKETING_VERSION = 1.0;
				PRODUCT_BUNDLE_IDENTIFIER = com.higuo2.Ease;
				PRODUCT_NAME = "$(TARGET_NAME)";
				SUPPORTED_PLATFORMS = "iphoneos iphonesimulator";
				SUPPORTS_MACCATALYST = NO;
				SWIFT_EMIT_LOC_STRINGS = YES;
				SWIFT_VERSION = 5.10;
				TARGETED_DEVICE_FAMILY = 1;
			};
			name = Debug;
		};
		A10000000000000000000075 /* Release */ = {
			isa = XCBuildConfiguration;
			buildSettings = {
				ASSETCATALOG_COMPILER_APPICON_NAME = AppIcon;
				ASSETCATALOG_COMPILER_GLOBAL_ACCENT_COLOR_NAME = AccentColor;
				CODE_SIGN_ENTITLEMENTS = Ease/Ease.entitlements;
				CODE_SIGN_STYLE = Automatic;
				CURRENT_PROJECT_VERSION = 1;
				DEVELOPMENT_ASSET_PATHS = "\"Ease/Preview Content\"";
				ENABLE_PREVIEWS = YES;
				GENERATE_INFOPLIST_FILE = YES;
				INFOPLIST_KEY_CFBundleDisplayName = Ease;
				INFOPLIST_KEY_LSApplicationCategoryType = "public.app-category.healthcare-fitness";
				INFOPLIST_KEY_NSHealthShareUsageDescription = "Ease reads activity, sleep, and menstrual data to display beside your weight trend.";
				INFOPLIST_KEY_NSPhotoLibraryUsageDescription = "Ease reads a scale photo to prefill weight and body fat.";
				INFOPLIST_KEY_UIApplicationSceneManifest_Generation = YES;
				INFOPLIST_KEY_UIApplicationSupportsIndirectInputEvents = YES;
				INFOPLIST_KEY_UILaunchScreen_Generation = YES;
				INFOPLIST_KEY_UISupportedInterfaceOrientations = UIInterfaceOrientationPortrait;
				INFOPLIST_KEY_UISupportedInterfaceOrientations_iPad = UIInterfaceOrientationPortrait;
				INFOPLIST_KEY_UIUserInterfaceStyle = Light;
				IPHONEOS_DEPLOYMENT_TARGET = 18.0;
				LD_RUNPATH_SEARCH_PATHS = (
					"$(inherited)",
					"@executable_path/Frameworks",
				);
				MARKETING_VERSION = 1.0;
				PRODUCT_BUNDLE_IDENTIFIER = com.higuo2.Ease;
				PRODUCT_NAME = "$(TARGET_NAME)";
				SUPPORTED_PLATFORMS = "iphoneos iphonesimulator";
				SUPPORTS_MACCATALYST = NO;
				SWIFT_EMIT_LOC_STRINGS = YES;
				SWIFT_VERSION = 5.10;
				TARGETED_DEVICE_FAMILY = 1;
			};
			name = Release;
		};
/* End XCBuildConfiguration section */

/* Begin XCConfigurationList section */
		A10000000000000000000070 /* Build configuration list for PBXProject "Ease" */ = {
			isa = XCConfigurationList;
			buildConfigurations = (
				A10000000000000000000071 /* Debug */,
				A10000000000000000000072 /* Release */,
			);
			defaultConfigurationIsVisible = 0;
			defaultConfigurationName = Release;
		};
		A10000000000000000000073 /* Build configuration list for PBXNativeTarget "Ease" */ = {
			isa = XCConfigurationList;
			buildConfigurations = (
				A10000000000000000000074 /* Debug */,
				A10000000000000000000075 /* Release */,
			);
			defaultConfigurationIsVisible = 0;
			defaultConfigurationName = Release;
		};
/* End XCConfigurationList section */
	};
	rootObject = A10000000000000000000001 /* Project object */;
}
