// !$*UTF8*$!
{
	archiveVersion = 1;
	classes = {
	};
	objectVersion = 60;
	objects = {

/* Begin PBXBuildFile section */
		A10000000000000000000010 /* EaseApp.swift in Sources */ = {isa = PBXBuildFile; fileRef = A10000000000000000000040 /* EaseApp.swift */; };
		A10000000000000000000011 /* DietStatus.swift in Sources */ = {isa = PBXBuildFile; fileRef = A10000000000000000000041 /* DietStatus.swift */; };
		A10000000000000000000012 /* VariableTag.swift in Sources */ = {isa = PBXBuildFile; fileRef = A10000000000000000000042 /* VariableTag.swift */; };
		A10000000000000000000013 /* DailyRecord.swift in Sources */ = {isa = PBXBuildFile; fileRef = A10000000000000000000043 /* DailyRecord.swift */; };
		A10000000000000000000014 /* UserProfile.swift in Sources */ = {isa = PBXBuildFile; fileRef = A10000000000000000000044 /* UserProfile.swift */; };
		A10000000000000000000015 /* PersistenceTypes.swift in Sources */ = {isa = PBXBuildFile; fileRef = A10000000000000000000045 /* PersistenceTypes.swift */; };
		A10000000000000000000016 /* CalendarDay.swift in Sources */ = {isa = PBXBuildFile; fileRef = A10000000000000000000046 /* CalendarDay.swift */; };
		A10000000000000000000017 /* MeasurementBounds.swift in Sources */ = {isa = PBXBuildFile; fileRef = A10000000000000000000047 /* MeasurementBounds.swift */; };
		A10000000000000000000018 /* WeightMetrics.swift in Sources */ = {isa = PBXBuildFile; fileRef = A10000000000000000000048 /* WeightMetrics.swift */; };
		A100000000000000000000F1 /* BMIClassification.swift in Sources */ = {isa = PBXBuildFile; fileRef = A100000000000000000000F0 /* BMIClassification.swift */; };
		A100000000000000000000F3 /* BMIDetailSheet.swift in Sources */ = {isa = PBXBuildFile; fileRef = A100000000000000000000F2 /* BMIDetailSheet.swift */; };
		A100000000000000000000F9 /* BMIRangeBar.swift in Sources */ = {isa = PBXBuildFile; fileRef = A100000000000000000000F8 /* BMIRangeBar.swift */; };
		A100000000000000000000FB /* EaseFlowLayout.swift in Sources */ = {isa = PBXBuildFile; fileRef = A100000000000000000000FA /* EaseFlowLayout.swift */; };
		A100000000000000000000FD /* DietJournalChips.swift in Sources */ = {isa = PBXBuildFile; fileRef = A100000000000000000000FC /* DietJournalChips.swift */; };
		A100000000000000000000FF /* MealPhotoCarousel.swift in Sources */ = {isa = PBXBuildFile; fileRef = A100000000000000000000FE /* MealPhotoCarousel.swift */; };
		A10000000000000000000101 /* ImageCutoutService.swift in Sources */ = {isa = PBXBuildFile; fileRef = A10000000000000000000100 /* ImageCutoutService.swift */; };
		A10000000000000000000103 /* MealCutoutPreferences.swift in Sources */ = {isa = PBXBuildFile; fileRef = A10000000000000000000102 /* MealCutoutPreferences.swift */; };
		A10000000000000000000105 /* HealthHistoryRow.swift in Sources */ = {isa = PBXBuildFile; fileRef = A10000000000000000000104 /* HealthHistoryRow.swift */; };
		A10000000000000000000107 /* EaseLayout.swift in Sources */ = {isa = PBXBuildFile; fileRef = A10000000000000000000106 /* EaseLayout.swift */; };
		A10000000000000000000019 /* DailyRecordRepository.swift in Sources */ = {isa = PBXBuildFile; fileRef = A10000000000000000000049 /* DailyRecordRepository.swift */; };
		A1000000000000000000001A /* UserProfileRepository.swift in Sources */ = {isa = PBXBuildFile; fileRef = A1000000000000000000004A /* UserProfileRepository.swift */; };
		A1000000000000000000001B /* EaseModelContainer.swift in Sources */ = {isa = PBXBuildFile; fileRef = A1000000000000000000004B /* EaseModelContainer.swift */; };
		A1000000000000000000001C /* CSVExporter.swift in Sources */ = {isa = PBXBuildFile; fileRef = A1000000000000000000004C /* CSVExporter.swift */; };
		A1000000000000000000001D /* Assets.xcassets in Resources */ = {isa = PBXBuildFile; fileRef = A1000000000000000000004D /* Assets.xcassets */; };
		A1000000000000000000001E /* Preview Assets.xcassets in Resources */ = {isa = PBXBuildFile; fileRef = A1000000000000000000004E /* Preview Assets.xcassets */; };
		A1000000000000000000001F /* RootView.swift in Sources */ = {isa = PBXBuildFile; fileRef = A10000000000000000000080 /* RootView.swift */; };
		A10000000000000000000021 /* OnboardingView.swift in Sources */ = {isa = PBXBuildFile; fileRef = A10000000000000000000081 /* OnboardingView.swift */; };
		A10000000000000000000022 /* DashboardView.swift in Sources */ = {isa = PBXBuildFile; fileRef = A10000000000000000000082 /* DashboardView.swift */; };
		A10000000000000000000023 /* EaseCard.swift in Sources */ = {isa = PBXBuildFile; fileRef = A10000000000000000000083 /* EaseCard.swift */; };
		A100000000000000000000F5 /* EaseEmptyState.swift in Sources */ = {isa = PBXBuildFile; fileRef = A100000000000000000000F4 /* EaseEmptyState.swift */; };
		A100000000000000000000F7 /* EaseSheet.swift in Sources */ = {isa = PBXBuildFile; fileRef = A100000000000000000000F6 /* EaseSheet.swift */; };
		A10000000000000000000024 /* Localizable.xcstrings in Resources */ = {isa = PBXBuildFile; fileRef = A10000000000000000000084 /* Localizable.xcstrings */; };
		A10000000000000000000025 /* EasePalette.swift in Sources */ = {isa = PBXBuildFile; fileRef = A10000000000000000000086 /* EasePalette.swift */; };
		A10000000000000000000026 /* EaseFormatters.swift in Sources */ = {isa = PBXBuildFile; fileRef = A10000000000000000000087 /* EaseFormatters.swift */; };
		A10000000000000000000027 /* EasePrimaryButton.swift in Sources */ = {isa = PBXBuildFile; fileRef = A10000000000000000000088 /* EasePrimaryButton.swift */; };
		A10000000000000000000028 /* ProgressRingView.swift in Sources */ = {isa = PBXBuildFile; fileRef = A10000000000000000000089 /* ProgressRingView.swift */; };
		A10000000000000000000029 /* PermissionsService.swift in Sources */ = {isa = PBXBuildFile; fileRef = A1000000000000000000008A /* PermissionsService.swift */; };
		A1000000000000000000002A /* OnboardingViewModel.swift in Sources */ = {isa = PBXBuildFile; fileRef = A1000000000000000000008B /* OnboardingViewModel.swift */; };
		A1000000000000000000002B /* OnboardingPhilosophyStep.swift in Sources */ = {isa = PBXBuildFile; fileRef = A1000000000000000000008C /* OnboardingPhilosophyStep.swift */; };
		A1000000000000000000002C /* OnboardingMeasurementsStep.swift in Sources */ = {isa = PBXBuildFile; fileRef = A1000000000000000000008D /* OnboardingMeasurementsStep.swift */; };
		A1000000000000000000002D /* OnboardingPermissionsStep.swift in Sources */ = {isa = PBXBuildFile; fileRef = A1000000000000000000008E /* OnboardingPermissionsStep.swift */; };
		A1000000000000000000002E /* DashboardViewModel.swift in Sources */ = {isa = PBXBuildFile; fileRef = A1000000000000000000008F /* DashboardViewModel.swift */; };
		A1000000000000000000002F /* TodayStripView.swift in Sources */ = {isa = PBXBuildFile; fileRef = A10000000000000000000090 /* TodayStripView.swift */; };
		A10000000000000000000031 /* WeightSummaryCard.swift in Sources */ = {isa = PBXBuildFile; fileRef = A10000000000000000000091 /* WeightSummaryCard.swift */; };
		A10000000000000000000032 /* TrendChartCard.swift in Sources */ = {isa = PBXBuildFile; fileRef = A10000000000000000000092 /* TrendChartCard.swift */; };
		A10000000000000000000033 /* SettingsSheet.swift in Sources */ = {isa = PBXBuildFile; fileRef = A10000000000000000000093 /* SettingsSheet.swift */; };
		A10000000000000000000034 /* LogSheetView.swift in Sources */ = {isa = PBXBuildFile; fileRef = A10000000000000000000094 /* LogSheetView.swift */; };
		A10000000000000000000035 /* InfoPlist.xcstrings in Resources */ = {isa = PBXBuildFile; fileRef = A10000000000000000000097 /* InfoPlist.xcstrings */; };
		A10000000000000000000036 /* HealthKitReader.swift in Sources */ = {isa = PBXBuildFile; fileRef = A10000000000000000000098 /* HealthKitReader.swift */; };
		A10000000000000000000037 /* NotificationScheduler.swift in Sources */ = {isa = PBXBuildFile; fileRef = A10000000000000000000099 /* NotificationScheduler.swift */; };
		A10000000000000000000038 /* ScaleOCR.swift in Sources */ = {isa = PBXBuildFile; fileRef = A1000000000000000000009A /* ScaleOCR.swift */; };
		A1000000000000000000003C /* WeightLog.swift in Sources */ = {isa = PBXBuildFile; fileRef = A1000000000000000000009B /* WeightLog.swift */; };
		A1000000000000000000003D /* WeightLogRepository.swift in Sources */ = {isa = PBXBuildFile; fileRef = A1000000000000000000009C /* WeightLogRepository.swift */; };
		A1000000000000000000003E /* LegacyWeightMigrator.swift in Sources */ = {isa = PBXBuildFile; fileRef = A1000000000000000000009D /* LegacyWeightMigrator.swift */; };
		A1000000000000000000003F /* SleepHistory.swift in Sources */ = {isa = PBXBuildFile; fileRef = A1000000000000000000009E /* SleepHistory.swift */; };
		A10000000000000000000039 /* CycleMetrics.swift in Sources */ = {isa = PBXBuildFile; fileRef = A1000000000000000000009F /* CycleMetrics.swift */; };
		A100000000000000000000A4 /* DayPickerHeader.swift in Sources */ = {isa = PBXBuildFile; fileRef = A100000000000000000000A0 /* DayPickerHeader.swift */; };
		A100000000000000000000A5 /* HealthCardsView.swift in Sources */ = {isa = PBXBuildFile; fileRef = A100000000000000000000A1 /* HealthCardsView.swift */; };
		A100000000000000000000A6 /* SleepDetailSheet.swift in Sources */ = {isa = PBXBuildFile; fileRef = A100000000000000000000A2 /* SleepDetailSheet.swift */; };
		A100000000000000000000A7 /* CycleDetailSheet.swift in Sources */ = {isa = PBXBuildFile; fileRef = A100000000000000000000A3 /* CycleDetailSheet.swift */; };
		A100000000000000000000C0 /* MetricDefinition.swift in Sources */ = {isa = PBXBuildFile; fileRef = A100000000000000000000B0 /* MetricDefinition.swift */; };
		A100000000000000000000C1 /* MetricLog.swift in Sources */ = {isa = PBXBuildFile; fileRef = A100000000000000000000B1 /* MetricLog.swift */; };
		A100000000000000000000C2 /* MetricCatalog.swift in Sources */ = {isa = PBXBuildFile; fileRef = A100000000000000000000B2 /* MetricCatalog.swift */; };
		A100000000000000000000C3 /* MetricRepository.swift in Sources */ = {isa = PBXBuildFile; fileRef = A100000000000000000000B3 /* MetricRepository.swift */; };
		A100000000000000000000C4 /* CSVImporter.swift in Sources */ = {isa = PBXBuildFile; fileRef = A100000000000000000000B4 /* CSVImporter.swift */; };
		A100000000000000000000C5 /* PaceEstimator.swift in Sources */ = {isa = PBXBuildFile; fileRef = A100000000000000000000B5 /* PaceEstimator.swift */; };
		A100000000000000000000C6 /* ImportPreviewSheet.swift in Sources */ = {isa = PBXBuildFile; fileRef = A100000000000000000000B6 /* ImportPreviewSheet.swift */; };
		A100000000000000000000C7 /* MetricSheet.swift in Sources */ = {isa = PBXBuildFile; fileRef = A100000000000000000000B7 /* MetricSheet.swift */; };
		A100000000000000000000E0 /* MainTabView.swift in Sources */ = {isa = PBXBuildFile; fileRef = A100000000000000000000D0 /* MainTabView.swift */; };
		A100000000000000000000E1 /* WeightTabView.swift in Sources */ = {isa = PBXBuildFile; fileRef = A100000000000000000000D1 /* WeightTabView.swift */; };
		A100000000000000000000E2 /* WeightTabComponents.swift in Sources */ = {isa = PBXBuildFile; fileRef = A100000000000000000000D2 /* WeightTabComponents.swift */; };
		A100000000000000000000E3 /* TrendTabView.swift in Sources */ = {isa = PBXBuildFile; fileRef = A100000000000000000000D3 /* TrendTabView.swift */; };
		A100000000000000000000E4 /* CalendarTabView.swift in Sources */ = {isa = PBXBuildFile; fileRef = A100000000000000000000D4 /* CalendarTabView.swift */; };
		A100000000000000000000E5 /* HistoryTabView.swift in Sources */ = {isa = PBXBuildFile; fileRef = A100000000000000000000D5 /* HistoryTabView.swift */; };
		A100000000000000000000E6 /* HomeModule.swift in Sources */ = {isa = PBXBuildFile; fileRef = A100000000000000000000D6 /* HomeModule.swift */; };
		A100000000000000000000E7 /* EnergyDetailSheet.swift in Sources */ = {isa = PBXBuildFile; fileRef = A100000000000000000000D7 /* EnergyDetailSheet.swift */; };
		A100000000000000000000E8 /* AdvancedPaceEstimator.swift in Sources */ = {isa = PBXBuildFile; fileRef = A100000000000000000000D8 /* AdvancedPaceEstimator.swift */; };
		A100000000000000000000E9 /* WeightHistorySheet.swift in Sources */ = {isa = PBXBuildFile; fileRef = A100000000000000000000D9 /* WeightHistorySheet.swift */; };
		A100000000000000000000EA /* CalendarDayDetailSheet.swift in Sources */ = {isa = PBXBuildFile; fileRef = A100000000000000000000DA /* CalendarDayDetailSheet.swift */; };
		A100000000000000000000EB /* MealSlot.swift in Sources */ = {isa = PBXBuildFile; fileRef = A100000000000000000000DB /* MealSlot.swift */; };
		A100000000000000000000EC /* MealPhotoStore.swift in Sources */ = {isa = PBXBuildFile; fileRef = A100000000000000000000DC /* MealPhotoStore.swift */; };
		A100000000000000000000ED /* CameraImagePicker.swift in Sources */ = {isa = PBXBuildFile; fileRef = A100000000000000000000DD /* CameraImagePicker.swift */; };
		A100000000000000000000EE /* MealPhotoThumbnail.swift in Sources */ = {isa = PBXBuildFile; fileRef = A100000000000000000000DE /* MealPhotoThumbnail.swift */; };
		T10000000000000000000013 /* EaseTestSupport.swift in Sources */ = {isa = PBXBuildFile; fileRef = T10000000000000000000003 /* EaseTestSupport.swift */; };
		T10000000000000000000014 /* WeightMetricsTests.swift in Sources */ = {isa = PBXBuildFile; fileRef = T10000000000000000000004 /* WeightMetricsTests.swift */; };
		T10000000000000000000015 /* MeasurementBoundsTests.swift in Sources */ = {isa = PBXBuildFile; fileRef = T10000000000000000000005 /* MeasurementBoundsTests.swift */; };
		T10000000000000000000016 /* CalendarDayTests.swift in Sources */ = {isa = PBXBuildFile; fileRef = T10000000000000000000006 /* CalendarDayTests.swift */; };
		T10000000000000000000017 /* DailyRecordRepositoryTests.swift in Sources */ = {isa = PBXBuildFile; fileRef = T10000000000000000000007 /* DailyRecordRepositoryTests.swift */; };
		T10000000000000000000018 /* WeightLogRepositoryTests.swift in Sources */ = {isa = PBXBuildFile; fileRef = T10000000000000000000008 /* WeightLogRepositoryTests.swift */; };
		T10000000000000000000019 /* LegacyWeightMigratorTests.swift in Sources */ = {isa = PBXBuildFile; fileRef = T10000000000000000000009 /* LegacyWeightMigratorTests.swift */; };
		T1000000000000000000001A /* UserProfileRepositoryTests.swift in Sources */ = {isa = PBXBuildFile; fileRef = T1000000000000000000000A /* UserProfileRepositoryTests.swift */; };
		T1000000000000000000001B /* CSVExporterTests.swift in Sources */ = {isa = PBXBuildFile; fileRef = T1000000000000000000000B /* CSVExporterTests.swift */; };
		T1000000000000000000001C /* NotificationSchedulePolicyTests.swift in Sources */ = {isa = PBXBuildFile; fileRef = T1000000000000000000000C /* NotificationSchedulePolicyTests.swift */; };
		T1000000000000000000002A /* CycleMetricsTests.swift in Sources */ = {isa = PBXBuildFile; fileRef = T1000000000000000000000D /* CycleMetricsTests.swift */; };
		T1000000000000000000002B /* SleepHistoryTests.swift in Sources */ = {isa = PBXBuildFile; fileRef = T1000000000000000000000E /* SleepHistoryTests.swift */; };
		T1000000000000000000002C /* ScaleOCRTests.swift in Sources */ = {isa = PBXBuildFile; fileRef = T1000000000000000000000F /* ScaleOCRTests.swift */; };
		T1000000000000000000002D /* EaseFormattersTests.swift in Sources */ = {isa = PBXBuildFile; fileRef = T1000000000000000000001D /* EaseFormattersTests.swift */; };
		T1000000000000000000002E /* DashboardSnapshotTests.swift in Sources */ = {isa = PBXBuildFile; fileRef = T1000000000000000000001E /* DashboardSnapshotTests.swift */; };
		T1000000000000000000002F /* VariableTagTests.swift in Sources */ = {isa = PBXBuildFile; fileRef = T1000000000000000000001F /* VariableTagTests.swift */; };
		T10000000000000000000040 /* PaceEstimatorTests.swift in Sources */ = {isa = PBXBuildFile; fileRef = T10000000000000000000030 /* PaceEstimatorTests.swift */; };
		T10000000000000000000041 /* CSVImporterTests.swift in Sources */ = {isa = PBXBuildFile; fileRef = T10000000000000000000031 /* CSVImporterTests.swift */; };
		T10000000000000000000042 /* MetricRepositoryTests.swift in Sources */ = {isa = PBXBuildFile; fileRef = T10000000000000000000032 /* MetricRepositoryTests.swift */; };
		T10000000000000000000043 /* MealPhotoStoreTests.swift in Sources */ = {isa = PBXBuildFile; fileRef = T10000000000000000000033 /* MealPhotoStoreTests.swift */; };
		T10000000000000000000044 /* HealthKitCacheTests.swift in Sources */ = {isa = PBXBuildFile; fileRef = T10000000000000000000034 /* HealthKitCacheTests.swift */; };
		T10000000000000000000045 /* AdvancedPaceEstimatorTests.swift in Sources */ = {isa = PBXBuildFile; fileRef = T10000000000000000000035 /* AdvancedPaceEstimatorTests.swift */; };
		T10000000000000000000046 /* MealCutoutPreferencesTests.swift in Sources */ = {isa = PBXBuildFile; fileRef = T10000000000000000000036 /* MealCutoutPreferencesTests.swift */; };
/* End PBXBuildFile section */

/* Begin PBXContainerItemProxy section */
		T10000000000000000000025 /* PBXContainerItemProxy */ = {
			isa = PBXContainerItemProxy;
			containerPortal = A10000000000000000000001 /* Project object */;
			proxyType = 1;
			remoteGlobalIDString = A10000000000000000000060;
			remoteInfo = Ease;
		};
/* End PBXContainerItemProxy section */

/* Begin PBXFileReference section */
		A10000000000000000000020 /* Ease.app */ = {isa = PBXFileReference; explicitFileType = wrapper.application; includeInIndex = 0; path = Ease.app; sourceTree = BUILT_PRODUCTS_DIR; };
		A10000000000000000000040 /* EaseApp.swift */ = {isa = PBXFileReference; lastKnownFileType = sourcecode.swift; path = EaseApp.swift; sourceTree = "<group>"; };
		A10000000000000000000041 /* DietStatus.swift */ = {isa = PBXFileReference; lastKnownFileType = sourcecode.swift; path = DietStatus.swift; sourceTree = "<group>"; };
		A10000000000000000000042 /* VariableTag.swift */ = {isa = PBXFileReference; lastKnownFileType = sourcecode.swift; path = VariableTag.swift; sourceTree = "<group>"; };
		A10000000000000000000043 /* DailyRecord.swift */ = {isa = PBXFileReference; lastKnownFileType = sourcecode.swift; path = DailyRecord.swift; sourceTree = "<group>"; };
		A10000000000000000000044 /* UserProfile.swift */ = {isa = PBXFileReference; lastKnownFileType = sourcecode.swift; path = UserProfile.swift; sourceTree = "<group>"; };
		A10000000000000000000045 /* PersistenceTypes.swift */ = {isa = PBXFileReference; lastKnownFileType = sourcecode.swift; path = PersistenceTypes.swift; sourceTree = "<group>"; };
		A10000000000000000000046 /* CalendarDay.swift */ = {isa = PBXFileReference; lastKnownFileType = sourcecode.swift; path = CalendarDay.swift; sourceTree = "<group>"; };
		A10000000000000000000047 /* MeasurementBounds.swift */ = {isa = PBXFileReference; lastKnownFileType = sourcecode.swift; path = MeasurementBounds.swift; sourceTree = "<group>"; };
		A10000000000000000000048 /* WeightMetrics.swift */ = {isa = PBXFileReference; lastKnownFileType = sourcecode.swift; path = WeightMetrics.swift; sourceTree = "<group>"; };
		A100000000000000000000F0 /* BMIClassification.swift */ = {isa = PBXFileReference; lastKnownFileType = sourcecode.swift; path = BMIClassification.swift; sourceTree = "<group>"; };
		A100000000000000000000F2 /* BMIDetailSheet.swift */ = {isa = PBXFileReference; lastKnownFileType = sourcecode.swift; path = BMIDetailSheet.swift; sourceTree = "<group>"; };
		A100000000000000000000F8 /* BMIRangeBar.swift */ = {isa = PBXFileReference; lastKnownFileType = sourcecode.swift; path = BMIRangeBar.swift; sourceTree = "<group>"; };
		A100000000000000000000FA /* EaseFlowLayout.swift */ = {isa = PBXFileReference; lastKnownFileType = sourcecode.swift; path = EaseFlowLayout.swift; sourceTree = "<group>"; };
		A100000000000000000000FC /* DietJournalChips.swift */ = {isa = PBXFileReference; lastKnownFileType = sourcecode.swift; path = DietJournalChips.swift; sourceTree = "<group>"; };
		A100000000000000000000FE /* MealPhotoCarousel.swift */ = {isa = PBXFileReference; lastKnownFileType = sourcecode.swift; path = MealPhotoCarousel.swift; sourceTree = "<group>"; };
		A10000000000000000000100 /* ImageCutoutService.swift */ = {isa = PBXFileReference; lastKnownFileType = sourcecode.swift; path = ImageCutoutService.swift; sourceTree = "<group>"; };
		A10000000000000000000102 /* MealCutoutPreferences.swift */ = {isa = PBXFileReference; lastKnownFileType = sourcecode.swift; path = MealCutoutPreferences.swift; sourceTree = "<group>"; };
		A10000000000000000000104 /* HealthHistoryRow.swift */ = {isa = PBXFileReference; lastKnownFileType = sourcecode.swift; path = HealthHistoryRow.swift; sourceTree = "<group>"; };
		A10000000000000000000106 /* EaseLayout.swift */ = {isa = PBXFileReference; lastKnownFileType = sourcecode.swift; path = EaseLayout.swift; sourceTree = "<group>"; };
		A10000000000000000000049 /* DailyRecordRepository.swift */ = {isa = PBXFileReference; lastKnownFileType = sourcecode.swift; path = DailyRecordRepository.swift; sourceTree = "<group>"; };
		A1000000000000000000004A /* UserProfileRepository.swift */ = {isa = PBXFileReference; lastKnownFileType = sourcecode.swift; path = UserProfileRepository.swift; sourceTree = "<group>"; };
		A1000000000000000000004B /* EaseModelContainer.swift */ = {isa = PBXFileReference; lastKnownFileType = sourcecode.swift; path = EaseModelContainer.swift; sourceTree = "<group>"; };
		A1000000000000000000004C /* CSVExporter.swift */ = {isa = PBXFileReference; lastKnownFileType = sourcecode.swift; path = CSVExporter.swift; sourceTree = "<group>"; };
		A1000000000000000000004D /* Assets.xcassets */ = {isa = PBXFileReference; lastKnownFileType = folder.assetcatalog; path = Assets.xcassets; sourceTree = "<group>"; };
		A1000000000000000000004E /* Preview Assets.xcassets */ = {isa = PBXFileReference; lastKnownFileType = folder.assetcatalog; path = "Preview Assets.xcassets"; sourceTree = "<group>"; };
		A1000000000000000000004F /* Ease.entitlements */ = {isa = PBXFileReference; lastKnownFileType = text.plist.entitlements; path = Ease.entitlements; sourceTree = "<group>"; };
		A10000000000000000000080 /* RootView.swift */ = {isa = PBXFileReference; lastKnownFileType = sourcecode.swift; path = RootView.swift; sourceTree = "<group>"; };
		A10000000000000000000081 /* OnboardingView.swift */ = {isa = PBXFileReference; lastKnownFileType = sourcecode.swift; path = OnboardingView.swift; sourceTree = "<group>"; };
		A10000000000000000000082 /* DashboardView.swift */ = {isa = PBXFileReference; lastKnownFileType = sourcecode.swift; path = DashboardView.swift; sourceTree = "<group>"; };
		A10000000000000000000083 /* EaseCard.swift */ = {isa = PBXFileReference; lastKnownFileType = sourcecode.swift; path = EaseCard.swift; sourceTree = "<group>"; };
		A100000000000000000000F4 /* EaseEmptyState.swift */ = {isa = PBXFileReference; lastKnownFileType = sourcecode.swift; path = EaseEmptyState.swift; sourceTree = "<group>"; };
		A100000000000000000000F6 /* EaseSheet.swift */ = {isa = PBXFileReference; lastKnownFileType = sourcecode.swift; path = EaseSheet.swift; sourceTree = "<group>"; };
		A10000000000000000000084 /* Localizable.xcstrings */ = {isa = PBXFileReference; lastKnownFileType = text.json.xcstrings; path = Localizable.xcstrings; sourceTree = "<group>"; };
		A10000000000000000000086 /* EasePalette.swift */ = {isa = PBXFileReference; lastKnownFileType = sourcecode.swift; path = EasePalette.swift; sourceTree = "<group>"; };
		A10000000000000000000087 /* EaseFormatters.swift */ = {isa = PBXFileReference; lastKnownFileType = sourcecode.swift; path = EaseFormatters.swift; sourceTree = "<group>"; };
		A10000000000000000000088 /* EasePrimaryButton.swift */ = {isa = PBXFileReference; lastKnownFileType = sourcecode.swift; path = EasePrimaryButton.swift; sourceTree = "<group>"; };
		A10000000000000000000089 /* ProgressRingView.swift */ = {isa = PBXFileReference; lastKnownFileType = sourcecode.swift; path = ProgressRingView.swift; sourceTree = "<group>"; };
		A1000000000000000000008A /* PermissionsService.swift */ = {isa = PBXFileReference; lastKnownFileType = sourcecode.swift; path = PermissionsService.swift; sourceTree = "<group>"; };
		A1000000000000000000008B /* OnboardingViewModel.swift */ = {isa = PBXFileReference; lastKnownFileType = sourcecode.swift; path = OnboardingViewModel.swift; sourceTree = "<group>"; };
		A1000000000000000000008C /* OnboardingPhilosophyStep.swift */ = {isa = PBXFileReference; lastKnownFileType = sourcecode.swift; path = OnboardingPhilosophyStep.swift; sourceTree = "<group>"; };
		A1000000000000000000008D /* OnboardingMeasurementsStep.swift */ = {isa = PBXFileReference; lastKnownFileType = sourcecode.swift; path = OnboardingMeasurementsStep.swift; sourceTree = "<group>"; };
		A1000000000000000000008E /* OnboardingPermissionsStep.swift */ = {isa = PBXFileReference; lastKnownFileType = sourcecode.swift; path = OnboardingPermissionsStep.swift; sourceTree = "<group>"; };
		A1000000000000000000008F /* DashboardViewModel.swift */ = {isa = PBXFileReference; lastKnownFileType = sourcecode.swift; path = DashboardViewModel.swift; sourceTree = "<group>"; };
		A10000000000000000000090 /* TodayStripView.swift */ = {isa = PBXFileReference; lastKnownFileType = sourcecode.swift; path = TodayStripView.swift; sourceTree = "<group>"; };
		A10000000000000000000091 /* WeightSummaryCard.swift */ = {isa = PBXFileReference; lastKnownFileType = sourcecode.swift; path = WeightSummaryCard.swift; sourceTree = "<group>"; };
		A10000000000000000000092 /* TrendChartCard.swift */ = {isa = PBXFileReference; lastKnownFileType = sourcecode.swift; path = TrendChartCard.swift; sourceTree = "<group>"; };
		A10000000000000000000093 /* SettingsSheet.swift */ = {isa = PBXFileReference; lastKnownFileType = sourcecode.swift; path = SettingsSheet.swift; sourceTree = "<group>"; };
		A10000000000000000000094 /* LogSheetView.swift */ = {isa = PBXFileReference; lastKnownFileType = sourcecode.swift; path = LogSheetView.swift; sourceTree = "<group>"; };
		A10000000000000000000097 /* InfoPlist.xcstrings */ = {isa = PBXFileReference; lastKnownFileType = text.json.xcstrings; path = InfoPlist.xcstrings; sourceTree = "<group>"; };
		A10000000000000000000098 /* HealthKitReader.swift */ = {isa = PBXFileReference; lastKnownFileType = sourcecode.swift; path = HealthKitReader.swift; sourceTree = "<group>"; };
		A10000000000000000000099 /* NotificationScheduler.swift */ = {isa = PBXFileReference; lastKnownFileType = sourcecode.swift; path = NotificationScheduler.swift; sourceTree = "<group>"; };
		A1000000000000000000009A /* ScaleOCR.swift */ = {isa = PBXFileReference; lastKnownFileType = sourcecode.swift; path = ScaleOCR.swift; sourceTree = "<group>"; };
		A1000000000000000000009B /* WeightLog.swift */ = {isa = PBXFileReference; lastKnownFileType = sourcecode.swift; path = WeightLog.swift; sourceTree = "<group>"; };
		A1000000000000000000009C /* WeightLogRepository.swift */ = {isa = PBXFileReference; lastKnownFileType = sourcecode.swift; path = WeightLogRepository.swift; sourceTree = "<group>"; };
		A1000000000000000000009D /* LegacyWeightMigrator.swift */ = {isa = PBXFileReference; lastKnownFileType = sourcecode.swift; path = LegacyWeightMigrator.swift; sourceTree = "<group>"; };
		A1000000000000000000009E /* SleepHistory.swift */ = {isa = PBXFileReference; lastKnownFileType = sourcecode.swift; path = SleepHistory.swift; sourceTree = "<group>"; };
		A1000000000000000000009F /* CycleMetrics.swift */ = {isa = PBXFileReference; lastKnownFileType = sourcecode.swift; path = CycleMetrics.swift; sourceTree = "<group>"; };
		A100000000000000000000A0 /* DayPickerHeader.swift */ = {isa = PBXFileReference; lastKnownFileType = sourcecode.swift; path = DayPickerHeader.swift; sourceTree = "<group>"; };
		A100000000000000000000A1 /* HealthCardsView.swift */ = {isa = PBXFileReference; lastKnownFileType = sourcecode.swift; path = HealthCardsView.swift; sourceTree = "<group>"; };
		A100000000000000000000A2 /* SleepDetailSheet.swift */ = {isa = PBXFileReference; lastKnownFileType = sourcecode.swift; path = SleepDetailSheet.swift; sourceTree = "<group>"; };
		A100000000000000000000A3 /* CycleDetailSheet.swift */ = {isa = PBXFileReference; lastKnownFileType = sourcecode.swift; path = CycleDetailSheet.swift; sourceTree = "<group>"; };
		A100000000000000000000B0 /* MetricDefinition.swift */ = {isa = PBXFileReference; lastKnownFileType = sourcecode.swift; path = MetricDefinition.swift; sourceTree = "<group>"; };
		A100000000000000000000B1 /* MetricLog.swift */ = {isa = PBXFileReference; lastKnownFileType = sourcecode.swift; path = MetricLog.swift; sourceTree = "<group>"; };
		A100000000000000000000B2 /* MetricCatalog.swift */ = {isa = PBXFileReference; lastKnownFileType = sourcecode.swift; path = MetricCatalog.swift; sourceTree = "<group>"; };
		A100000000000000000000B3 /* MetricRepository.swift */ = {isa = PBXFileReference; lastKnownFileType = sourcecode.swift; path = MetricRepository.swift; sourceTree = "<group>"; };
		A100000000000000000000B4 /* CSVImporter.swift */ = {isa = PBXFileReference; lastKnownFileType = sourcecode.swift; path = CSVImporter.swift; sourceTree = "<group>"; };
		A100000000000000000000B5 /* PaceEstimator.swift */ = {isa = PBXFileReference; lastKnownFileType = sourcecode.swift; path = PaceEstimator.swift; sourceTree = "<group>"; };
		A100000000000000000000B6 /* ImportPreviewSheet.swift */ = {isa = PBXFileReference; lastKnownFileType = sourcecode.swift; path = ImportPreviewSheet.swift; sourceTree = "<group>"; };
		A100000000000000000000B7 /* MetricSheet.swift */ = {isa = PBXFileReference; lastKnownFileType = sourcecode.swift; path = MetricSheet.swift; sourceTree = "<group>"; };
		A100000000000000000000D0 /* MainTabView.swift */ = {isa = PBXFileReference; lastKnownFileType = sourcecode.swift; path = MainTabView.swift; sourceTree = "<group>"; };
		A100000000000000000000D1 /* WeightTabView.swift */ = {isa = PBXFileReference; lastKnownFileType = sourcecode.swift; path = WeightTabView.swift; sourceTree = "<group>"; };
		A100000000000000000000D2 /* WeightTabComponents.swift */ = {isa = PBXFileReference; lastKnownFileType = sourcecode.swift; path = WeightTabComponents.swift; sourceTree = "<group>"; };
		A100000000000000000000D3 /* TrendTabView.swift */ = {isa = PBXFileReference; lastKnownFileType = sourcecode.swift; path = TrendTabView.swift; sourceTree = "<group>"; };
		A100000000000000000000D4 /* CalendarTabView.swift */ = {isa = PBXFileReference; lastKnownFileType = sourcecode.swift; path = CalendarTabView.swift; sourceTree = "<group>"; };
		A100000000000000000000D5 /* HistoryTabView.swift */ = {isa = PBXFileReference; lastKnownFileType = sourcecode.swift; path = HistoryTabView.swift; sourceTree = "<group>"; };
		A100000000000000000000D6 /* HomeModule.swift */ = {isa = PBXFileReference; lastKnownFileType = sourcecode.swift; path = HomeModule.swift; sourceTree = "<group>"; };
		A100000000000000000000D7 /* EnergyDetailSheet.swift */ = {isa = PBXFileReference; lastKnownFileType = sourcecode.swift; path = EnergyDetailSheet.swift; sourceTree = "<group>"; };
		A100000000000000000000D8 /* AdvancedPaceEstimator.swift */ = {isa = PBXFileReference; lastKnownFileType = sourcecode.swift; path = AdvancedPaceEstimator.swift; sourceTree = "<group>"; };
		A100000000000000000000D9 /* WeightHistorySheet.swift */ = {isa = PBXFileReference; lastKnownFileType = sourcecode.swift; path = WeightHistorySheet.swift; sourceTree = "<group>"; };
		A100000000000000000000DA /* CalendarDayDetailSheet.swift */ = {isa = PBXFileReference; lastKnownFileType = sourcecode.swift; path = CalendarDayDetailSheet.swift; sourceTree = "<group>"; };
		A100000000000000000000DB /* MealSlot.swift */ = {isa = PBXFileReference; lastKnownFileType = sourcecode.swift; path = MealSlot.swift; sourceTree = "<group>"; };
		A100000000000000000000DC /* MealPhotoStore.swift */ = {isa = PBXFileReference; lastKnownFileType = sourcecode.swift; path = MealPhotoStore.swift; sourceTree = "<group>"; };
		A100000000000000000000DD /* CameraImagePicker.swift */ = {isa = PBXFileReference; lastKnownFileType = sourcecode.swift; path = CameraImagePicker.swift; sourceTree = "<group>"; };
		A100000000000000000000DE /* MealPhotoThumbnail.swift */ = {isa = PBXFileReference; lastKnownFileType = sourcecode.swift; path = MealPhotoThumbnail.swift; sourceTree = "<group>"; };
		BDFE55683035F06200AF5075 /* Info.plist */ = {isa = PBXFileReference; lastKnownFileType = text.plist; path = Info.plist; sourceTree = "<group>"; };
		BDFE55693035F61200AF5075 /* EaseDebug.entitlements */ = {isa = PBXFileReference; lastKnownFileType = text.plist.entitlements; path = EaseDebug.entitlements; sourceTree = "<group>"; };
		T10000000000000000000001 /* EaseTests.xctest */ = {isa = PBXFileReference; explicitFileType = wrapper.cfbundle; includeInIndex = 0; path = EaseTests.xctest; sourceTree = BUILT_PRODUCTS_DIR; };
		T10000000000000000000003 /* EaseTestSupport.swift */ = {isa = PBXFileReference; lastKnownFileType = sourcecode.swift; path = EaseTestSupport.swift; sourceTree = "<group>"; };
		T10000000000000000000004 /* WeightMetricsTests.swift */ = {isa = PBXFileReference; lastKnownFileType = sourcecode.swift; path = WeightMetricsTests.swift; sourceTree = "<group>"; };
		T10000000000000000000005 /* MeasurementBoundsTests.swift */ = {isa = PBXFileReference; lastKnownFileType = sourcecode.swift; path = MeasurementBoundsTests.swift; sourceTree = "<group>"; };
		T10000000000000000000006 /* CalendarDayTests.swift */ = {isa = PBXFileReference; lastKnownFileType = sourcecode.swift; path = CalendarDayTests.swift; sourceTree = "<group>"; };
		T10000000000000000000007 /* DailyRecordRepositoryTests.swift */ = {isa = PBXFileReference; lastKnownFileType = sourcecode.swift; path = DailyRecordRepositoryTests.swift; sourceTree = "<group>"; };
		T10000000000000000000008 /* WeightLogRepositoryTests.swift */ = {isa = PBXFileReference; lastKnownFileType = sourcecode.swift; path = WeightLogRepositoryTests.swift; sourceTree = "<group>"; };
		T10000000000000000000009 /* LegacyWeightMigratorTests.swift */ = {isa = PBXFileReference; lastKnownFileType = sourcecode.swift; path = LegacyWeightMigratorTests.swift; sourceTree = "<group>"; };
		T1000000000000000000000A /* UserProfileRepositoryTests.swift */ = {isa = PBXFileReference; lastKnownFileType = sourcecode.swift; path = UserProfileRepositoryTests.swift; sourceTree = "<group>"; };
		T1000000000000000000000B /* CSVExporterTests.swift */ = {isa = PBXFileReference; lastKnownFileType = sourcecode.swift; path = CSVExporterTests.swift; sourceTree = "<group>"; };
		T1000000000000000000000C /* NotificationSchedulePolicyTests.swift */ = {isa = PBXFileReference; lastKnownFileType = sourcecode.swift; path = NotificationSchedulePolicyTests.swift; sourceTree = "<group>"; };
		T1000000000000000000000D /* CycleMetricsTests.swift */ = {isa = PBXFileReference; lastKnownFileType = sourcecode.swift; path = CycleMetricsTests.swift; sourceTree = "<group>"; };
		T1000000000000000000000E /* SleepHistoryTests.swift */ = {isa = PBXFileReference; lastKnownFileType = sourcecode.swift; path = SleepHistoryTests.swift; sourceTree = "<group>"; };
		T1000000000000000000000F /* ScaleOCRTests.swift */ = {isa = PBXFileReference; lastKnownFileType = sourcecode.swift; path = ScaleOCRTests.swift; sourceTree = "<group>"; };
		T1000000000000000000001D /* EaseFormattersTests.swift */ = {isa = PBXFileReference; lastKnownFileType = sourcecode.swift; path = EaseFormattersTests.swift; sourceTree = "<group>"; };
		T1000000000000000000001E /* DashboardSnapshotTests.swift */ = {isa = PBXFileReference; lastKnownFileType = sourcecode.swift; path = DashboardSnapshotTests.swift; sourceTree = "<group>"; };
		T1000000000000000000001F /* VariableTagTests.swift */ = {isa = PBXFileReference; lastKnownFileType = sourcecode.swift; path = VariableTagTests.swift; sourceTree = "<group>"; };
		T10000000000000000000030 /* PaceEstimatorTests.swift */ = {isa = PBXFileReference; lastKnownFileType = sourcecode.swift; path = PaceEstimatorTests.swift; sourceTree = "<group>"; };
		T10000000000000000000031 /* CSVImporterTests.swift */ = {isa = PBXFileReference; lastKnownFileType = sourcecode.swift; path = CSVImporterTests.swift; sourceTree = "<group>"; };
		T10000000000000000000032 /* MetricRepositoryTests.swift */ = {isa = PBXFileReference; lastKnownFileType = sourcecode.swift; path = MetricRepositoryTests.swift; sourceTree = "<group>"; };
		T10000000000000000000033 /* MealPhotoStoreTests.swift */ = {isa = PBXFileReference; lastKnownFileType = sourcecode.swift; path = MealPhotoStoreTests.swift; sourceTree = "<group>"; };
		T10000000000000000000034 /* HealthKitCacheTests.swift */ = {isa = PBXFileReference; lastKnownFileType = sourcecode.swift; path = HealthKitCacheTests.swift; sourceTree = "<group>"; };
		T10000000000000000000035 /* AdvancedPaceEstimatorTests.swift */ = {isa = PBXFileReference; lastKnownFileType = sourcecode.swift; path = AdvancedPaceEstimatorTests.swift; sourceTree = "<group>"; };
		T10000000000000000000036 /* MealCutoutPreferencesTests.swift */ = {isa = PBXFileReference; lastKnownFileType = sourcecode.swift; path = MealCutoutPreferencesTests.swift; sourceTree = "<group>"; };
/* End PBXFileReference section */

/* Begin PBXFrameworksBuildPhase section */
		A10000000000000000000030 /* Frameworks */ = {
			isa = PBXFrameworksBuildPhase;
			buildActionMask = 2147483647;
			files = (
			);
			runOnlyForDeploymentPostprocessing = 0;
		};
		T10000000000000000000022 /* Frameworks */ = {
			isa = PBXFrameworksBuildPhase;
			buildActionMask = 2147483647;
			files = (
			);
			runOnlyForDeploymentPostprocessing = 0;
		};
/* End PBXFrameworksBuildPhase section */

/* Begin PBXGroup section */
		A10000000000000000000050 = {
			isa = PBXGroup;
			children = (
				A10000000000000000000051 /* Ease */,
				T10000000000000000000002 /* EaseTests */,
				A10000000000000000000052 /* Products */,
			);
			sourceTree = "<group>";
		};
		A10000000000000000000051 /* Ease */ = {
			isa = PBXGroup;
			children = (
				BDFE55693035F61200AF5075 /* EaseDebug.entitlements */,
				BDFE55683035F06200AF5075 /* Info.plist */,
				A10000000000000000000040 /* EaseApp.swift */,
				A10000000000000000000053 /* Models */,
				A10000000000000000000054 /* Data */,
				A10000000000000000000057 /* Views */,
				A1000000000000000000004D /* Assets.xcassets */,
				A10000000000000000000084 /* Localizable.xcstrings */,
				A10000000000000000000097 /* InfoPlist.xcstrings */,
				A1000000000000000000004F /* Ease.entitlements */,
				A10000000000000000000055 /* Preview Content */,
			);
			path = Ease;
			sourceTree = "<group>";
		};
		A10000000000000000000052 /* Products */ = {
			isa = PBXGroup;
			children = (
				A10000000000000000000020 /* Ease.app */,
				T10000000000000000000001 /* EaseTests.xctest */,
			);
			name = Products;
			sourceTree = "<group>";
		};
		T10000000000000000000002 /* EaseTests */ = {
			isa = PBXGroup;
			children = (
				T10000000000000000000003 /* EaseTestSupport.swift */,
				T10000000000000000000004 /* WeightMetricsTests.swift */,
				T10000000000000000000005 /* MeasurementBoundsTests.swift */,
				T10000000000000000000006 /* CalendarDayTests.swift */,
				T10000000000000000000007 /* DailyRecordRepositoryTests.swift */,
				T10000000000000000000008 /* WeightLogRepositoryTests.swift */,
				T10000000000000000000009 /* LegacyWeightMigratorTests.swift */,
				T1000000000000000000000A /* UserProfileRepositoryTests.swift */,
				T1000000000000000000000B /* CSVExporterTests.swift */,
				T1000000000000000000000C /* NotificationSchedulePolicyTests.swift */,
				T1000000000000000000000D /* CycleMetricsTests.swift */,
				T1000000000000000000000E /* SleepHistoryTests.swift */,
				T1000000000000000000000F /* ScaleOCRTests.swift */,
				T1000000000000000000001D /* EaseFormattersTests.swift */,
				T1000000000000000000001E /* DashboardSnapshotTests.swift */,
				T1000000000000000000001F /* VariableTagTests.swift */,
				T10000000000000000000030 /* PaceEstimatorTests.swift */,
				T10000000000000000000031 /* CSVImporterTests.swift */,
				T10000000000000000000032 /* MetricRepositoryTests.swift */,
				T10000000000000000000033 /* MealPhotoStoreTests.swift */,
				T10000000000000000000034 /* HealthKitCacheTests.swift */,
				T10000000000000000000035 /* AdvancedPaceEstimatorTests.swift */,
				T10000000000000000000036 /* MealCutoutPreferencesTests.swift */,
			);
			path = EaseTests;
			sourceTree = "<group>";
		};
		A10000000000000000000053 /* Models */ = {
			isa = PBXGroup;
			children = (
				A10000000000000000000041 /* DietStatus.swift */,
				A10000000000000000000042 /* VariableTag.swift */,
				A10000000000000000000043 /* DailyRecord.swift */,
				A100000000000000000000DB /* MealSlot.swift */,
				A1000000000000000000009B /* WeightLog.swift */,
				A10000000000000000000044 /* UserProfile.swift */,
				A100000000000000000000D6 /* HomeModule.swift */,
				A100000000000000000000B0 /* MetricDefinition.swift */,
				A100000000000000000000B1 /* MetricLog.swift */,
			);
			path = Models;
			sourceTree = "<group>";
		};
		A10000000000000000000054 /* Data */ = {
			isa = PBXGroup;
			children = (
				A10000000000000000000045 /* PersistenceTypes.swift */,
				A10000000000000000000046 /* CalendarDay.swift */,
				A10000000000000000000047 /* MeasurementBounds.swift */,
				A10000000000000000000048 /* WeightMetrics.swift */,
				A100000000000000000000F0 /* BMIClassification.swift */,
				A10000000000000000000049 /* DailyRecordRepository.swift */,
				A100000000000000000000DC /* MealPhotoStore.swift */,
				A10000000000000000000100 /* ImageCutoutService.swift */,
				A10000000000000000000102 /* MealCutoutPreferences.swift */,
				A1000000000000000000009C /* WeightLogRepository.swift */,
				A1000000000000000000009D /* LegacyWeightMigrator.swift */,
				A1000000000000000000004A /* UserProfileRepository.swift */,
				A1000000000000000000004B /* EaseModelContainer.swift */,
				A1000000000000000000004C /* CSVExporter.swift */,
				A100000000000000000000B4 /* CSVImporter.swift */,
				A100000000000000000000B2 /* MetricCatalog.swift */,
				A100000000000000000000B3 /* MetricRepository.swift */,
				A100000000000000000000B5 /* PaceEstimator.swift */,
				A100000000000000000000D8 /* AdvancedPaceEstimator.swift */,
				A1000000000000000000008A /* PermissionsService.swift */,
				A10000000000000000000098 /* HealthKitReader.swift */,
				A1000000000000000000009E /* SleepHistory.swift */,
				A1000000000000000000009F /* CycleMetrics.swift */,
				A10000000000000000000099 /* NotificationScheduler.swift */,
				A1000000000000000000009A /* ScaleOCR.swift */,
			);
			path = Data;
			sourceTree = "<group>";
		};
		A10000000000000000000055 /* Preview Content */ = {
			isa = PBXGroup;
			children = (
				A1000000000000000000004E /* Preview Assets.xcassets */,
			);
			path = "Preview Content";
			sourceTree = "<group>";
		};
		A10000000000000000000057 /* Views */ = {
			isa = PBXGroup;
			children = (
				A10000000000000000000080 /* RootView.swift */,
				A100000000000000000000D0 /* MainTabView.swift */,
				A10000000000000000000095 /* Onboarding */,
				A10000000000000000000096 /* Dashboard */,
				A10000000000000000000085 /* Components */,
			);
			path = Views;
			sourceTree = "<group>";
		};
		A10000000000000000000085 /* Components */ = {
			isa = PBXGroup;
			children = (
				A10000000000000000000083 /* EaseCard.swift */,
				A100000000000000000000F4 /* EaseEmptyState.swift */,
				A100000000000000000000F6 /* EaseSheet.swift */,
				A10000000000000000000106 /* EaseLayout.swift */,
				A100000000000000000000DD /* CameraImagePicker.swift */,
				A100000000000000000000DE /* MealPhotoThumbnail.swift */,
				A100000000000000000000FA /* EaseFlowLayout.swift */,
				A100000000000000000000FC /* DietJournalChips.swift */,
				A10000000000000000000086 /* EasePalette.swift */,
				A10000000000000000000087 /* EaseFormatters.swift */,
				A10000000000000000000104 /* HealthHistoryRow.swift */,
				A10000000000000000000088 /* EasePrimaryButton.swift */,
				A10000000000000000000089 /* ProgressRingView.swift */,
			);
			path = Components;
			sourceTree = "<group>";
		};
		A10000000000000000000095 /* Onboarding */ = {
			isa = PBXGroup;
			children = (
				A10000000000000000000081 /* OnboardingView.swift */,
				A1000000000000000000008B /* OnboardingViewModel.swift */,
				A1000000000000000000008C /* OnboardingPhilosophyStep.swift */,
				A1000000000000000000008D /* OnboardingMeasurementsStep.swift */,
				A1000000000000000000008E /* OnboardingPermissionsStep.swift */,
			);
			path = Onboarding;
			sourceTree = "<group>";
		};
		A10000000000000000000096 /* Dashboard */ = {
			isa = PBXGroup;
			children = (
				A10000000000000000000082 /* DashboardView.swift */,
				A100000000000000000000D1 /* WeightTabView.swift */,
				A100000000000000000000D2 /* WeightTabComponents.swift */,
				A100000000000000000000D3 /* TrendTabView.swift */,
				A100000000000000000000D4 /* CalendarTabView.swift */,
				A100000000000000000000DA /* CalendarDayDetailSheet.swift */,
				A100000000000000000000FE /* MealPhotoCarousel.swift */,
				A100000000000000000000D5 /* HistoryTabView.swift */,
				A1000000000000000000008F /* DashboardViewModel.swift */,
				A100000000000000000000A0 /* DayPickerHeader.swift */,
				A100000000000000000000A1 /* HealthCardsView.swift */,
				A10000000000000000000090 /* TodayStripView.swift */,
				A10000000000000000000091 /* WeightSummaryCard.swift */,
				A10000000000000000000092 /* TrendChartCard.swift */,
				A10000000000000000000093 /* SettingsSheet.swift */,
				A10000000000000000000094 /* LogSheetView.swift */,
				A100000000000000000000A2 /* SleepDetailSheet.swift */,
				A100000000000000000000A3 /* CycleDetailSheet.swift */,
				A100000000000000000000B6 /* ImportPreviewSheet.swift */,
				A100000000000000000000B7 /* MetricSheet.swift */,
				A100000000000000000000D7 /* EnergyDetailSheet.swift */,
				A100000000000000000000F2 /* BMIDetailSheet.swift */,
				A100000000000000000000F8 /* BMIRangeBar.swift */,
				A100000000000000000000D9 /* WeightHistorySheet.swift */,
			);
			path = Dashboard;
			sourceTree = "<group>";
		};
/* End PBXGroup section */

/* Begin PBXNativeTarget section */
		A10000000000000000000060 /* Ease */ = {
			isa = PBXNativeTarget;
			buildConfigurationList = A10000000000000000000073 /* Build configuration list for PBXNativeTarget "Ease" */;
			buildPhases = (
				A10000000000000000000061 /* Sources */,
				A10000000000000000000030 /* Frameworks */,
				A10000000000000000000062 /* Resources */,
			);
			buildRules = (
			);
			dependencies = (
			);
			name = Ease;
			productName = Ease;
			productReference = A10000000000000000000020 /* Ease.app */;
			productType = "com.apple.product-type.application";
		};
		T10000000000000000000020 /* EaseTests */ = {
			isa = PBXNativeTarget;
			buildConfigurationList = T10000000000000000000026 /* Build configuration list for PBXNativeTarget "EaseTests" */;
			buildPhases = (
				T10000000000000000000021 /* Sources */,
				T10000000000000000000022 /* Frameworks */,
				T10000000000000000000023 /* Resources */,
			);
			buildRules = (
			);
			dependencies = (
				T10000000000000000000024 /* PBXTargetDependency */,
			);
			name = EaseTests;
			productName = EaseTests;
			productReference = T10000000000000000000001 /* EaseTests.xctest */;
			productType = "com.apple.product-type.bundle.unit-test";
		};
/* End PBXNativeTarget section */

/* Begin PBXProject section */
		A10000000000000000000001 /* Project object */ = {
			isa = PBXProject;
			attributes = {
				BuildIndependentTargetsInParallel = 1;
				LastSwiftUpdateCheck = 1600;
				LastUpgradeCheck = 2660;
				TargetAttributes = {
					A10000000000000000000060 = {
						CreatedOnToolsVersion = 16.0;
					};
					T10000000000000000000020 = {
						CreatedOnToolsVersion = 16.0;
						TestTargetID = A10000000000000000000060;
					};
				};
			};
			buildConfigurationList = A10000000000000000000070 /* Build configuration list for PBXProject "Ease" */;
			compatibilityVersion = "Xcode 15.0";
			developmentRegion = en;
			hasScannedForEncodings = 0;
			knownRegions = (
				en,
				Base,
				"zh-Hans",
			);
			mainGroup = A10000000000000000000050;
			productRefGroup = A10000000000000000000052 /* Products */;
			projectDirPath = "";
			projectRoot = "";
			targets = (
				A10000000000000000000060 /* Ease */,
				T10000000000000000000020 /* EaseTests */,
			);
		};
/* End PBXProject section */

/* Begin PBXResourcesBuildPhase section */
		A10000000000000000000062 /* Resources */ = {
			isa = PBXResourcesBuildPhase;
			buildActionMask = 2147483647;
			files = (
				A1000000000000000000001E /* Preview Assets.xcassets in Resources */,
				A1000000000000000000001D /* Assets.xcassets in Resources */,
				A10000000000000000000024 /* Localizable.xcstrings in Resources */,
				A10000000000000000000035 /* InfoPlist.xcstrings in Resources */,
			);
			runOnlyForDeploymentPostprocessing = 0;
		};
		T10000000000000000000023 /* Resources */ = {
			isa = PBXResourcesBuildPhase;
			buildActionMask = 2147483647;
			files = (
			);
			runOnlyForDeploymentPostprocessing = 0;
		};
/* End PBXResourcesBuildPhase section */

/* Begin PBXSourcesBuildPhase section */
		A10000000000000000000061 /* Sources */ = {
			isa = PBXSourcesBuildPhase;
			buildActionMask = 2147483647;
			files = (
				A10000000000000000000010 /* EaseApp.swift in Sources */,
				A10000000000000000000011 /* DietStatus.swift in Sources */,
				A10000000000000000000012 /* VariableTag.swift in Sources */,
				A10000000000000000000013 /* DailyRecord.swift in Sources */,
				A10000000000000000000014 /* UserProfile.swift in Sources */,
				A10000000000000000000015 /* PersistenceTypes.swift in Sources */,
				A10000000000000000000016 /* CalendarDay.swift in Sources */,
				A10000000000000000000017 /* MeasurementBounds.swift in Sources */,
				A10000000000000000000018 /* WeightMetrics.swift in Sources */,
				A100000000000000000000F1 /* BMIClassification.swift in Sources */,
				A10000000000000000000019 /* DailyRecordRepository.swift in Sources */,
				A1000000000000000000001A /* UserProfileRepository.swift in Sources */,
				A1000000000000000000001B /* EaseModelContainer.swift in Sources */,
				A1000000000000000000001C /* CSVExporter.swift in Sources */,
				A1000000000000000000001F /* RootView.swift in Sources */,
				A10000000000000000000021 /* OnboardingView.swift in Sources */,
				A10000000000000000000022 /* DashboardView.swift in Sources */,
				A10000000000000000000023 /* EaseCard.swift in Sources */,
				A100000000000000000000F5 /* EaseEmptyState.swift in Sources */,
				A100000000000000000000F7 /* EaseSheet.swift in Sources */,
				A10000000000000000000107 /* EaseLayout.swift in Sources */,
				A10000000000000000000025 /* EasePalette.swift in Sources */,
				A10000000000000000000026 /* EaseFormatters.swift in Sources */,
				A10000000000000000000105 /* HealthHistoryRow.swift in Sources */,
				A10000000000000000000027 /* EasePrimaryButton.swift in Sources */,
				A10000000000000000000028 /* ProgressRingView.swift in Sources */,
				A10000000000000000000029 /* PermissionsService.swift in Sources */,
				A1000000000000000000002A /* OnboardingViewModel.swift in Sources */,
				A1000000000000000000002B /* OnboardingPhilosophyStep.swift in Sources */,
				A1000000000000000000002C /* OnboardingMeasurementsStep.swift in Sources */,
				A1000000000000000000002D /* OnboardingPermissionsStep.swift in Sources */,
				A1000000000000000000002E /* DashboardViewModel.swift in Sources */,
				A1000000000000000000002F /* TodayStripView.swift in Sources */,
				A10000000000000000000031 /* WeightSummaryCard.swift in Sources */,
				A10000000000000000000032 /* TrendChartCard.swift in Sources */,
				A10000000000000000000033 /* SettingsSheet.swift in Sources */,
				A10000000000000000000034 /* LogSheetView.swift in Sources */,
				A10000000000000000000036 /* HealthKitReader.swift in Sources */,
				A10000000000000000000037 /* NotificationScheduler.swift in Sources */,
				A10000000000000000000038 /* ScaleOCR.swift in Sources */,
				A1000000000000000000003C /* WeightLog.swift in Sources */,
				A1000000000000000000003D /* WeightLogRepository.swift in Sources */,
				A1000000000000000000003E /* LegacyWeightMigrator.swift in Sources */,
				A1000000000000000000003F /* SleepHistory.swift in Sources */,
				A10000000000000000000039 /* CycleMetrics.swift in Sources */,
				A100000000000000000000A4 /* DayPickerHeader.swift in Sources */,
				A100000000000000000000A5 /* HealthCardsView.swift in Sources */,
				A100000000000000000000A6 /* SleepDetailSheet.swift in Sources */,
				A100000000000000000000A7 /* CycleDetailSheet.swift in Sources */,
				A100000000000000000000C0 /* MetricDefinition.swift in Sources */,
				A100000000000000000000C1 /* MetricLog.swift in Sources */,
				A100000000000000000000C2 /* MetricCatalog.swift in Sources */,
				A100000000000000000000C3 /* MetricRepository.swift in Sources */,
				A100000000000000000000C4 /* CSVImporter.swift in Sources */,
				A100000000000000000000C5 /* PaceEstimator.swift in Sources */,
				A100000000000000000000C6 /* ImportPreviewSheet.swift in Sources */,
				A100000000000000000000C7 /* MetricSheet.swift in Sources */,
				A100000000000000000000E0 /* MainTabView.swift in Sources */,
				A100000000000000000000E1 /* WeightTabView.swift in Sources */,
				A100000000000000000000E2 /* WeightTabComponents.swift in Sources */,
				A100000000000000000000E3 /* TrendTabView.swift in Sources */,
				A100000000000000000000E4 /* CalendarTabView.swift in Sources */,
				A100000000000000000000E5 /* HistoryTabView.swift in Sources */,
				A100000000000000000000E6 /* HomeModule.swift in Sources */,
				A100000000000000000000E7 /* EnergyDetailSheet.swift in Sources */,
				A100000000000000000000F3 /* BMIDetailSheet.swift in Sources */,
				A100000000000000000000F9 /* BMIRangeBar.swift in Sources */,
				A100000000000000000000FB /* EaseFlowLayout.swift in Sources */,
				A100000000000000000000FD /* DietJournalChips.swift in Sources */,
				A100000000000000000000FF /* MealPhotoCarousel.swift in Sources */,
				A10000000000000000000101 /* ImageCutoutService.swift in Sources */,
				A10000000000000000000103 /* MealCutoutPreferences.swift in Sources */,
				A100000000000000000000E8 /* AdvancedPaceEstimator.swift in Sources */,
				A100000000000000000000E9 /* WeightHistorySheet.swift in Sources */,
				A100000000000000000000EA /* CalendarDayDetailSheet.swift in Sources */,
				A100000000000000000000EB /* MealSlot.swift in Sources */,
				A100000000000000000000EC /* MealPhotoStore.swift in Sources */,
				A100000000000000000000ED /* CameraImagePicker.swift in Sources */,
				A100000000000000000000EE /* MealPhotoThumbnail.swift in Sources */,
			);
			runOnlyForDeploymentPostprocessing = 0;
		};
		T10000000000000000000021 /* Sources */ = {
			isa = PBXSourcesBuildPhase;
			buildActionMask = 2147483647;
			files = (
				T10000000000000000000013 /* EaseTestSupport.swift in Sources */,
				T10000000000000000000014 /* WeightMetricsTests.swift in Sources */,
				T10000000000000000000015 /* MeasurementBoundsTests.swift in Sources */,
				T10000000000000000000016 /* CalendarDayTests.swift in Sources */,
				T10000000000000000000017 /* DailyRecordRepositoryTests.swift in Sources */,
				T10000000000000000000018 /* WeightLogRepositoryTests.swift in Sources */,
				T10000000000000000000019 /* LegacyWeightMigratorTests.swift in Sources */,
				T1000000000000000000001A /* UserProfileRepositoryTests.swift in Sources */,
				T1000000000000000000001B /* CSVExporterTests.swift in Sources */,
				T1000000000000000000001C /* NotificationSchedulePolicyTests.swift in Sources */,
				T1000000000000000000002A /* CycleMetricsTests.swift in Sources */,
				T1000000000000000000002B /* SleepHistoryTests.swift in Sources */,
				T1000000000000000000002C /* ScaleOCRTests.swift in Sources */,
				T1000000000000000000002D /* EaseFormattersTests.swift in Sources */,
				T1000000000000000000002E /* DashboardSnapshotTests.swift in Sources */,
				T1000000000000000000002F /* VariableTagTests.swift in Sources */,
				T10000000000000000000040 /* PaceEstimatorTests.swift in Sources */,
				T10000000000000000000041 /* CSVImporterTests.swift in Sources */,
				T10000000000000000000042 /* MetricRepositoryTests.swift in Sources */,
				T10000000000000000000043 /* MealPhotoStoreTests.swift in Sources */,
				T10000000000000000000044 /* HealthKitCacheTests.swift in Sources */,
				T10000000000000000000045 /* AdvancedPaceEstimatorTests.swift in Sources */,
				T10000000000000000000046 /* MealCutoutPreferencesTests.swift in Sources */,
			);
			runOnlyForDeploymentPostprocessing = 0;
		};
/* End PBXSourcesBuildPhase section */

/* Begin PBXTargetDependency section */
		T10000000000000000000024 /* PBXTargetDependency */ = {
			isa = PBXTargetDependency;
			target = A10000000000000000000060 /* Ease */;
			targetProxy = T10000000000000000000025 /* PBXContainerItemProxy */;
		};
/* End PBXTargetDependency section */

/* Begin XCBuildConfiguration section */
		A10000000000000000000071 /* Debug */ = {
			isa = XCBuildConfiguration;
			buildSettings = {
				ALWAYS_SEARCH_USER_PATHS = NO;
				ASSETCATALOG_COMPILER_GENERATE_SWIFT_ASSET_SYMBOL_EXTENSIONS = YES;
				CLANG_ANALYZER_LOCALIZABILITY_NONLOCALIZED = YES;
				CLANG_ENABLE_MODULES = YES;
				CLANG_ENABLE_OBJC_ARC = YES;
				CLANG_WARN_BLOCK_CAPTURE_AUTORELEASING = YES;
				CLANG_WARN_BOOL_CONVERSION = YES;
				CLANG_WARN_COMMA = YES;
				CLANG_WARN_CONSTANT_CONVERSION = YES;
				CLANG_WARN_DEPRECATED_OBJC_IMPLEMENTATIONS = YES;
				CLANG_WARN_EMPTY_BODY = YES;
				CLANG_WARN_ENUM_CONVERSION = YES;
				CLANG_WARN_INFINITE_RECURSION = YES;
				CLANG_WARN_INT_CONVERSION = YES;
				CLANG_WARN_NON_LITERAL_NULL_CONVERSION = YES;
				CLANG_WARN_OBJC_IMPLICIT_RETAIN_SELF = YES;
				CLANG_WARN_OBJC_LITERAL_CONVERSION = YES;
				CLANG_WARN_QUOTED_INCLUDE_IN_FRAMEWORK_HEADER = YES;
				CLANG_WARN_RANGE_LOOP_ANALYSIS = YES;
				CLANG_WARN_STRICT_PROTOTYPES = YES;
				CLANG_WARN_SUSPICIOUS_MOVE = YES;
				CLANG_WARN_UNREACHABLE_CODE = YES;
				CLANG_WARN__DUPLICATE_METHOD_MATCH = YES;
				COPY_PHASE_STRIP = NO;
				DEBUG_INFORMATION_FORMAT = dwarf;
				DEVELOPMENT_TEAM = 2PV7Q2V4NN;
				ENABLE_STRICT_OBJC_MSGSEND = YES;
				ENABLE_TESTABILITY = YES;
				ENABLE_USER_SCRIPT_SANDBOXING = YES;
				GCC_DYNAMIC_NO_PIC = NO;
				GCC_NO_COMMON_BLOCKS = YES;
				GCC_OPTIMIZATION_LEVEL = 0;
				GCC_WARN_64_TO_32_BIT_CONVERSION = YES;
				GCC_WARN_ABOUT_RETURN_TYPE = YES;
				GCC_WARN_UNDECLARED_SELECTOR = YES;
				GCC_WARN_UNINITIALIZED_AUTOS = YES;
				GCC_WARN_UNUSED_FUNCTION = YES;
				GCC_WARN_UNUSED_VARIABLE = YES;
				IPHONEOS_DEPLOYMENT_TARGET = 18.0;
				MTL_ENABLE_DEBUG_INFO = INCLUDE_SOURCE;
				ONLY_ACTIVE_ARCH = YES;
				SDKROOT = iphoneos;
				STRING_CATALOG_GENERATE_SYMBOLS = YES;
				SWIFT_ACTIVE_COMPILATION_CONDITIONS = "DEBUG $(inherited)";
				SWIFT_OPTIMIZATION_LEVEL = "-Onone";
				SWIFT_VERSION = 5.10;
			};
			name = Debug;
		};
		A10000000000000000000072 /* Release */ = {
			isa = XCBuildConfiguration;
			buildSettings = {
				ALWAYS_SEARCH_USER_PATHS = NO;
				ASSETCATALOG_COMPILER_GENERATE_SWIFT_ASSET_SYMBOL_EXTENSIONS = YES;
				CLANG_ANALYZER_LOCALIZABILITY_NONLOCALIZED = YES;
				CLANG_ENABLE_MODULES = YES;
				CLANG_ENABLE_OBJC_ARC = YES;
				CLANG_WARN_BLOCK_CAPTURE_AUTORELEASING = YES;
				CLANG_WARN_BOOL_CONVERSION = YES;
				CLANG_WARN_COMMA = YES;
				CLANG_WARN_CONSTANT_CONVERSION = YES;
				CLANG_WARN_DEPRECATED_OBJC_IMPLEMENTATIONS = YES;
				CLANG_WARN_EMPTY_BODY = YES;
				CLANG_WARN_ENUM_CONVERSION = YES;
				CLANG_WARN_INFINITE_RECURSION = YES;
				CLANG_WARN_INT_CONVERSION = YES;
				CLANG_WARN_NON_LITERAL_NULL_CONVERSION = YES;
				CLANG_WARN_OBJC_IMPLICIT_RETAIN_SELF = YES;
				CLANG_WARN_OBJC_LITERAL_CONVERSION = YES;
				CLANG_WARN_QUOTED_INCLUDE_IN_FRAMEWORK_HEADER = YES;
				CLANG_WARN_RANGE_LOOP_ANALYSIS = YES;
				CLANG_WARN_STRICT_PROTOTYPES = YES;
				CLANG_WARN_SUSPICIOUS_MOVE = YES;
				CLANG_WARN_UNREACHABLE_CODE = YES;
				CLANG_WARN__DUPLICATE_METHOD_MATCH = YES;
				COPY_PHASE_STRIP = NO;
				DEBUG_INFORMATION_FORMAT = "dwarf-with-dsym";
				DEVELOPMENT_TEAM = 2PV7Q2V4NN;
				ENABLE_NS_ASSERTIONS = NO;
				ENABLE_STRICT_OBJC_MSGSEND = YES;
				ENABLE_USER_SCRIPT_SANDBOXING = YES;
				GCC_NO_COMMON_BLOCKS = YES;
				GCC_WARN_64_TO_32_BIT_CONVERSION = YES;
				GCC_WARN_ABOUT_RETURN_TYPE = YES;
				GCC_WARN_UNDECLARED_SELECTOR = YES;
				GCC_WARN_UNINITIALIZED_AUTOS = YES;
				GCC_WARN_UNUSED_FUNCTION = YES;
				GCC_WARN_UNUSED_VARIABLE = YES;
				IPHONEOS_DEPLOYMENT_TARGET = 18.0;
				MTL_ENABLE_DEBUG_INFO = NO;
				SDKROOT = iphoneos;
				STRING_CATALOG_GENERATE_SYMBOLS = YES;
				SWIFT_COMPILATION_MODE = wholemodule;
				SWIFT_VERSION = 5.10;
				VALIDATE_PRODUCT = YES;
			};
			name = Release;
		};
		A10000000000000000000074 /* Debug */ = {
			isa = XCBuildConfiguration;
			buildSettings = {
				ASSETCATALOG_COMPILER_APPICON_NAME = AppIcon;
				ASSETCATALOG_COMPILER_GLOBAL_ACCENT_COLOR_NAME = AccentColor;
				CODE_SIGN_ENTITLEMENTS = Ease/EaseDebug.entitlements;
				CODE_SIGN_STYLE = Automatic;
				CURRENT_PROJECT_VERSION = 1;
				DEVELOPMENT_ASSET_PATHS = "\"Ease/Preview Content\"";
				ENABLE_PREVIEWS = YES;
				GENERATE_INFOPLIST_FILE = YES;
				INFOPLIST_FILE = Ease/Info.plist;
				INFOPLIST_KEY_CFBundleDisplayName = Ease;
				INFOPLIST_KEY_LSApplicationCategoryType = "public.app-category.healthcare-fitness";
				INFOPLIST_KEY_NSCameraUsageDescription = "Ease uses the camera for scale OCR and meal photos.";
				INFOPLIST_KEY_NSHealthShareUsageDescription = "需要读取您的睡眠与活动消耗数据以展示趋势。";
				INFOPLIST_KEY_NSPhotoLibraryUsageDescription = "需要读取相册中的体脂秤照片以自动识别数据。";
				INFOPLIST_KEY_UIApplicationSceneManifest_Generation = YES;
				INFOPLIST_KEY_UIApplicationSupportsIndirectInputEvents = YES;
				INFOPLIST_KEY_UILaunchScreen_Generation = YES;
				INFOPLIST_KEY_UISupportedInterfaceOrientations = UIInterfaceOrientationPortrait;
				INFOPLIST_KEY_UISupportedInterfaceOrientations_iPad = UIInterfaceOrientationPortrait;
				INFOPLIST_KEY_UIUserInterfaceStyle = Light;
				IPHONEOS_DEPLOYMENT_TARGET = 18.0;
				LD_RUNPATH_SEARCH_PATHS = (
					"$(inherited)",
					"@executable_path/Frameworks",
				);
				MARKETING_VERSION = 1.0;
				PRODUCT_BUNDLE_IDENTIFIER = com.higuo2.Ease;
				PRODUCT_NAME = "$(TARGET_NAME)";
				SUPPORTED_PLATFORMS = "iphoneos iphonesimulator";
				SUPPORTS_MACCATALYST = NO;
				SWIFT_EMIT_LOC_STRINGS = YES;
				SWIFT_VERSION = 5.10;
				TARGETED_DEVICE_FAMILY = "1,2";
			};
			name = Debug;
		};
		A10000000000000000000075 /* Release */ = {
			isa = XCBuildConfiguration;
			buildSettings = {
				ASSETCATALOG_COMPILER_APPICON_NAME = AppIcon;
				ASSETCATALOG_COMPILER_GLOBAL_ACCENT_COLOR_NAME = AccentColor;
				CODE_SIGN_ENTITLEMENTS = Ease/Ease.entitlements;
				CODE_SIGN_STYLE = Automatic;
				CURRENT_PROJECT_VERSION = 1;
				DEVELOPMENT_ASSET_PATHS = "\"Ease/Preview Content\"";
				ENABLE_PREVIEWS = YES;
				GENERATE_INFOPLIST_FILE = YES;
				INFOPLIST_FILE = Ease/Info.plist;
				INFOPLIST_KEY_CFBundleDisplayName = Ease;
				INFOPLIST_KEY_LSApplicationCategoryType = "public.app-category.healthcare-fitness";
				INFOPLIST_KEY_NSCameraUsageDescription = "Ease uses the camera for scale OCR and meal photos.";
				INFOPLIST_KEY_NSHealthShareUsageDescription = "需要读取您的睡眠与活动消耗数据以展示趋势。";
				INFOPLIST_KEY_NSPhotoLibraryUsageDescription = "需要读取相册中的体脂秤照片以自动识别数据。";
				INFOPLIST_KEY_UIApplicationSceneManifest_Generation = YES;
				INFOPLIST_KEY_UIApplicationSupportsIndirectInputEvents = YES;
				INFOPLIST_KEY_UILaunchScreen_Generation = YES;
				INFOPLIST_KEY_UISupportedInterfaceOrientations = UIInterfaceOrientationPortrait;
				INFOPLIST_KEY_UISupportedInterfaceOrientations_iPad = UIInterfaceOrientationPortrait;
				INFOPLIST_KEY_UIUserInterfaceStyle = Light;
				IPHONEOS_DEPLOYMENT_TARGET = 18.0;
				LD_RUNPATH_SEARCH_PATHS = (
					"$(inherited)",
					"@executable_path/Frameworks",
				);
				MARKETING_VERSION = 1.0;
				PRODUCT_BUNDLE_IDENTIFIER = com.higuo2.Ease;
				PRODUCT_NAME = "$(TARGET_NAME)";
				SUPPORTED_PLATFORMS = "iphoneos iphonesimulator";
				SUPPORTS_MACCATALYST = NO;
				SWIFT_EMIT_LOC_STRINGS = YES;
				SWIFT_VERSION = 5.10;
				TARGETED_DEVICE_FAMILY = "1,2";
			};
			name = Release;
		};
		T10000000000000000000027 /* Debug */ = {
			isa = XCBuildConfiguration;
			buildSettings = {
				BUNDLE_LOADER = "$(TEST_HOST)";
				CODE_SIGN_STYLE = Automatic;
				CURRENT_PROJECT_VERSION = 1;
				DEVELOPMENT_TEAM = 2PV7Q2V4NN;
				GENERATE_INFOPLIST_FILE = YES;
				IPHONEOS_DEPLOYMENT_TARGET = 18.0;
				LD_RUNPATH_SEARCH_PATHS = (
					"$(inherited)",
					"@executable_path/Frameworks",
					"@loader_path/Frameworks",
				);
				MARKETING_VERSION = 1.0;
				PRODUCT_BUNDLE_IDENTIFIER = com.higuo2.EaseTests;
				PRODUCT_NAME = "$(TARGET_NAME)";
				SUPPORTED_PLATFORMS = "iphoneos iphonesimulator";
				SUPPORTS_MACCATALYST = NO;
				SWIFT_EMIT_LOC_STRINGS = NO;
				SWIFT_VERSION = 5.10;
				TARGETED_DEVICE_FAMILY = "1,2";
				TEST_HOST = "$(BUILT_PRODUCTS_DIR)/Ease.app/$(BUNDLE_EXECUTABLE_FOLDER_PATH)/Ease";
			};
			name = Debug;
		};
		T10000000000000000000028 /* Release */ = {
			isa = XCBuildConfiguration;
			buildSettings = {
				BUNDLE_LOADER = "$(TEST_HOST)";
				CODE_SIGN_STYLE = Automatic;
				CURRENT_PROJECT_VERSION = 1;
				DEVELOPMENT_TEAM = 2PV7Q2V4NN;
				GENERATE_INFOPLIST_FILE = YES;
				IPHONEOS_DEPLOYMENT_TARGET = 18.0;
				LD_RUNPATH_SEARCH_PATHS = (
					"$(inherited)",
					"@executable_path/Frameworks",
					"@loader_path/Frameworks",
				);
				MARKETING_VERSION = 1.0;
				PRODUCT_BUNDLE_IDENTIFIER = com.higuo2.EaseTests;
				PRODUCT_NAME = "$(TARGET_NAME)";
				SUPPORTED_PLATFORMS = "iphoneos iphonesimulator";
				SUPPORTS_MACCATALYST = NO;
				SWIFT_EMIT_LOC_STRINGS = NO;
				SWIFT_VERSION = 5.10;
				TARGETED_DEVICE_FAMILY = "1,2";
				TEST_HOST = "$(BUILT_PRODUCTS_DIR)/Ease.app/$(BUNDLE_EXECUTABLE_FOLDER_PATH)/Ease";
			};
			name = Release;
		};
/* End XCBuildConfiguration section */

/* Begin XCConfigurationList section */
		A10000000000000000000070 /* Build configuration list for PBXProject "Ease" */ = {
			isa = XCConfigurationList;
			buildConfigurations = (
				A10000000000000000000071 /* Debug */,
				A10000000000000000000072 /* Release */,
			);
			defaultConfigurationIsVisible = 0;
			defaultConfigurationName = Release;
		};
		A10000000000000000000073 /* Build configuration list for PBXNativeTarget "Ease" */ = {
			isa = XCConfigurationList;
			buildConfigurations = (
				A10000000000000000000074 /* Debug */,
				A10000000000000000000075 /* Release */,
			);
			defaultConfigurationIsVisible = 0;
			defaultConfigurationName = Release;
		};
		T10000000000000000000026 /* Build configuration list for PBXNativeTarget "EaseTests" */ = {
			isa = XCConfigurationList;
			buildConfigurations = (
				T10000000000000000000027 /* Debug */,
				T10000000000000000000028 /* Release */,
			);
			defaultConfigurationIsVisible = 0;
			defaultConfigurationName = Release;
		};
/* End XCConfigurationList section */
	};
	rootObject = A10000000000000000000001 /* Project object */;
}
